// !$*UTF8*$!
{
	archiveVersion = 1;
	classes = {
	};
	objectVersion = 46;
	objects = {

/* Begin PBXBuildFile section */
		E428E5051EF8A47100932ED6 /* AnalyticsSessionId.swift in Sources */ = {isa = PBXBuildFile; fileRef = E428E5031EF8A47100932ED6 /* AnalyticsSessionId.swift */; };
		E428E5061EF8A47100932ED6 /* AVPlayerViewControllerExtension.swift in Sources */ = {isa = PBXBuildFile; fileRef = E428E5041EF8A47100932ED6 /* AVPlayerViewControllerExtension.swift */; };
		E428E5081EF8A48B00932ED6 /* VideoAnalytics.swift in Sources */ = {isa = PBXBuildFile; fileRef = E428E5071EF8A48B00932ED6 /* VideoAnalytics.swift */; };
		E428E50C1EF8A49C00932ED6 /* VideoViewControllerDelegate.swift in Sources */ = {isa = PBXBuildFile; fileRef = E428E5091EF8A49C00932ED6 /* VideoViewControllerDelegate.swift */; };
		E428E50D1EF8A49C00932ED6 /* VideoViewPlayer.swift in Sources */ = {isa = PBXBuildFile; fileRef = E428E50A1EF8A49C00932ED6 /* VideoViewPlayer.swift */; };
		E428E50E1EF8A49C00932ED6 /* VideoViewState.swift in Sources */ = {isa = PBXBuildFile; fileRef = E428E50B1EF8A49C00932ED6 /* VideoViewState.swift */; };
		E428E5171EF8A4EB00932ED6 /* AWS.framework in Frameworks */ = {isa = PBXBuildFile; fileRef = E428E5111EF8A4C300932ED6 /* AWS.framework */; };
		E428E5181EF8A4EB00932ED6 /* AWS.framework in Embed Frameworks */ = {isa = PBXBuildFile; fileRef = E428E5111EF8A4C300932ED6 /* AWS.framework */; settings = {ATTRIBUTES = (CodeSignOnCopy, RemoveHeadersOnCopy, ); }; };
		E428E51A1EF8A4F100932ED6 /* AWSCore.framework in Frameworks */ = {isa = PBXBuildFile; fileRef = E428E5121EF8A4C300932ED6 /* AWSCore.framework */; };
		E428E51B1EF8A4F100932ED6 /* AWSCore.framework in Embed Frameworks */ = {isa = PBXBuildFile; fileRef = E428E5121EF8A4C300932ED6 /* AWSCore.framework */; settings = {ATTRIBUTES = (CodeSignOnCopy, RemoveHeadersOnCopy, ); }; };
		E428E51C1EF8A4F600932ED6 /* Zip.framework in Frameworks */ = {isa = PBXBuildFile; fileRef = E428E50F1EF8A4AE00932ED6 /* Zip.framework */; };
		E428E51D1EF8A4F600932ED6 /* Zip.framework in Embed Frameworks */ = {isa = PBXBuildFile; fileRef = E428E50F1EF8A4AE00932ED6 /* Zip.framework */; settings = {ATTRIBUTES = (CodeSignOnCopy, RemoveHeadersOnCopy, ); }; };
		E43041781EF433DC002FC73E /* AppDelegate.swift in Sources */ = {isa = PBXBuildFile; fileRef = E43041771EF433DC002FC73E /* AppDelegate.swift */; };
		E430417D1EF433DC002FC73E /* Main.storyboard in Resources */ = {isa = PBXBuildFile; fileRef = E430417B1EF433DC002FC73E /* Main.storyboard */; };
		E430417F1EF433DC002FC73E /* Assets.xcassets in Resources */ = {isa = PBXBuildFile; fileRef = E430417E1EF433DC002FC73E /* Assets.xcassets */; };
		E43041821EF433DC002FC73E /* LaunchScreen.storyboard in Resources */ = {isa = PBXBuildFile; fileRef = E43041801EF433DC002FC73E /* LaunchScreen.storyboard */; };
		E430418A1EF43554002FC73E /* VideoViewController.swift in Sources */ = {isa = PBXBuildFile; fileRef = E43041891EF43554002FC73E /* VideoViewController.swift */; };
		E43041911EF435A9002FC73E /* MediaPlayer.framework in Frameworks */ = {isa = PBXBuildFile; fileRef = E43041901EF435A9002FC73E /* MediaPlayer.framework */; };
/* End PBXBuildFile section */

/* Begin PBXCopyFilesBuildPhase section */
		E428E5191EF8A4EB00932ED6 /* Embed Frameworks */ = {
			isa = PBXCopyFilesBuildPhase;
			buildActionMask = 2147483647;
			dstPath = "";
			dstSubfolderSpec = 10;
			files = (
				E428E5181EF8A4EB00932ED6 /* AWS.framework in Embed Frameworks */,
				E428E51D1EF8A4F600932ED6 /* Zip.framework in Embed Frameworks */,
				E428E51B1EF8A4F100932ED6 /* AWSCore.framework in Embed Frameworks */,
			);
			name = "Embed Frameworks";
			runOnlyForDeploymentPostprocessing = 0;
		};
/* End PBXCopyFilesBuildPhase section */

/* Begin PBXFileReference section */
		E428E5031EF8A47100932ED6 /* AnalyticsSessionId.swift */ = {isa = PBXFileReference; fileEncoding = 4; lastKnownFileType = sourcecode.swift; path = AnalyticsSessionId.swift; sourceTree = "<group>"; };
		E428E5041EF8A47100932ED6 /* AVPlayerViewControllerExtension.swift */ = {isa = PBXFileReference; fileEncoding = 4; lastKnownFileType = sourcecode.swift; path = AVPlayerViewControllerExtension.swift; sourceTree = "<group>"; };
		E428E5071EF8A48B00932ED6 /* VideoAnalytics.swift */ = {isa = PBXFileReference; fileEncoding = 4; lastKnownFileType = sourcecode.swift; path = VideoAnalytics.swift; sourceTree = "<group>"; };
		E428E5091EF8A49C00932ED6 /* VideoViewControllerDelegate.swift */ = {isa = PBXFileReference; fileEncoding = 4; lastKnownFileType = sourcecode.swift; path = VideoViewControllerDelegate.swift; sourceTree = "<group>"; };
		E428E50A1EF8A49C00932ED6 /* VideoViewPlayer.swift */ = {isa = PBXFileReference; fileEncoding = 4; lastKnownFileType = sourcecode.swift; path = VideoViewPlayer.swift; sourceTree = "<group>"; };
		E428E50B1EF8A49C00932ED6 /* VideoViewState.swift */ = {isa = PBXFileReference; fileEncoding = 4; lastKnownFileType = sourcecode.swift; path = VideoViewState.swift; sourceTree = "<group>"; };
		E428E50F1EF8A4AE00932ED6 /* Zip.framework */ = {isa = PBXFileReference; lastKnownFileType = wrapper.framework; path = Zip.framework; sourceTree = "<group>"; };
		E428E5111EF8A4C300932ED6 /* AWS.framework */ = {isa = PBXFileReference; lastKnownFileType = wrapper.framework; path = AWS.framework; sourceTree = "<group>"; };
		E428E5121EF8A4C300932ED6 /* AWSCore.framework */ = {isa = PBXFileReference; lastKnownFileType = wrapper.framework; path = AWSCore.framework; sourceTree = "<group>"; };
		E43041741EF433DC002FC73E /* VideoPlayerTestApp.app */ = {isa = PBXFileReference; explicitFileType = wrapper.application; includeInIndex = 0; path = VideoPlayerTestApp.app; sourceTree = BUILT_PRODUCTS_DIR; };
		E43041771EF433DC002FC73E /* AppDelegate.swift */ = {isa = PBXFileReference; lastKnownFileType = sourcecode.swift; path = AppDelegate.swift; sourceTree = "<group>"; };
		E430417C1EF433DC002FC73E /* Base */ = {isa = PBXFileReference; lastKnownFileType = file.storyboard; name = Base; path = Base.lproj/Main.storyboard; sourceTree = "<group>"; };
		E430417E1EF433DC002FC73E /* Assets.xcassets */ = {isa = PBXFileReference; lastKnownFileType = folder.assetcatalog; path = Assets.xcassets; sourceTree = "<group>"; };
		E43041811EF433DC002FC73E /* Base */ = {isa = PBXFileReference; lastKnownFileType = file.storyboard; name = Base; path = Base.lproj/LaunchScreen.storyboard; sourceTree = "<group>"; };
		E43041831EF433DC002FC73E /* Info.plist */ = {isa = PBXFileReference; lastKnownFileType = text.plist.xml; path = Info.plist; sourceTree = "<group>"; };
		E43041891EF43554002FC73E /* VideoViewController.swift */ = {isa = PBXFileReference; fileEncoding = 4; lastKnownFileType = sourcecode.swift; path = VideoViewController.swift; sourceTree = "<group>"; };
		E43041901EF435A9002FC73E /* MediaPlayer.framework */ = {isa = PBXFileReference; lastKnownFileType = wrapper.framework; name = MediaPlayer.framework; path = System/Library/Frameworks/MediaPlayer.framework; sourceTree = SDKROOT; };
/* End PBXFileReference section */

/* Begin PBXFrameworksBuildPhase section */
		E43041711EF433DC002FC73E /* Frameworks */ = {
			isa = PBXFrameworksBuildPhase;
			buildActionMask = 2147483647;
			files = (
				E428E51C1EF8A4F600932ED6 /* Zip.framework in Frameworks */,
				E428E5171EF8A4EB00932ED6 /* AWS.framework in Frameworks */,
				E43041911EF435A9002FC73E /* MediaPlayer.framework in Frameworks */,
				E428E51A1EF8A4F100932ED6 /* AWSCore.framework in Frameworks */,
			);
			runOnlyForDeploymentPostprocessing = 0;
		};
/* End PBXFrameworksBuildPhase section */

/* Begin PBXGroup section */
		E430416B1EF433DC002FC73E = {
			isa = PBXGroup;
			children = (
				E428E5111EF8A4C300932ED6 /* AWS.framework */,
				E428E5121EF8A4C300932ED6 /* AWSCore.framework */,
				E428E50F1EF8A4AE00932ED6 /* Zip.framework */,
				E43041761EF433DC002FC73E /* VideoPlayerTestApp */,
				E43041751EF433DC002FC73E /* Products */,
				E430418F1EF435A9002FC73E /* Frameworks */,
			);
			sourceTree = "<group>";
		};
		E43041751EF433DC002FC73E /* Products */ = {
			isa = PBXGroup;
			children = (
				E43041741EF433DC002FC73E /* VideoPlayerTestApp.app */,
			);
			name = Products;
			sourceTree = "<group>";
		};
		E43041761EF433DC002FC73E /* VideoPlayerTestApp */ = {
			isa = PBXGroup;
			children = (
				E428E5071EF8A48B00932ED6 /* VideoAnalytics.swift */,
				E428E5091EF8A49C00932ED6 /* VideoViewControllerDelegate.swift */,
				E428E50A1EF8A49C00932ED6 /* VideoViewPlayer.swift */,
				E428E50B1EF8A49C00932ED6 /* VideoViewState.swift */,
				E428E5031EF8A47100932ED6 /* AnalyticsSessionId.swift */,
				E428E5041EF8A47100932ED6 /* AVPlayerViewControllerExtension.swift */,
				E43041771EF433DC002FC73E /* AppDelegate.swift */,
				E43041891EF43554002FC73E /* VideoViewController.swift */,
				E430417B1EF433DC002FC73E /* Main.storyboard */,
				E430417E1EF433DC002FC73E /* Assets.xcassets */,
				E43041801EF433DC002FC73E /* LaunchScreen.storyboard */,
				E43041831EF433DC002FC73E /* Info.plist */,
			);
			path = VideoPlayerTestApp;
			sourceTree = "<group>";
		};
		E430418F1EF435A9002FC73E /* Frameworks */ = {
			isa = PBXGroup;
			children = (
				E43041901EF435A9002FC73E /* MediaPlayer.framework */,
			);
			name = Frameworks;
			sourceTree = "<group>";
		};
/* End PBXGroup section */

/* Begin PBXNativeTarget section */
		E43041731EF433DC002FC73E /* VideoPlayerTestApp */ = {
			isa = PBXNativeTarget;
			buildConfigurationList = E43041861EF433DC002FC73E /* Build configuration list for PBXNativeTarget "VideoPlayerTestApp" */;
			buildPhases = (
				E43041701EF433DC002FC73E /* Sources */,
				E43041711EF433DC002FC73E /* Frameworks */,
				E43041721EF433DC002FC73E /* Resources */,
				E428E5191EF8A4EB00932ED6 /* Embed Frameworks */,
			);
			buildRules = (
			);
			dependencies = (
			);
			name = VideoPlayerTestApp;
			productName = VideoPlayerTestApp;
			productReference = E43041741EF433DC002FC73E /* VideoPlayerTestApp.app */;
			productType = "com.apple.product-type.application";
		};
/* End PBXNativeTarget section */

/* Begin PBXProject section */
		E430416C1EF433DC002FC73E /* Project object */ = {
			isa = PBXProject;
			attributes = {
				LastSwiftUpdateCheck = 0830;
				LastUpgradeCheck = 0830;
				ORGANIZATIONNAME = ShortSands;
				TargetAttributes = {
					E43041731EF433DC002FC73E = {
						CreatedOnToolsVersion = 8.3.3;
						DevelopmentTeam = 95C7NX5DGM;
						ProvisioningStyle = Automatic;
					};
				};
			};
			buildConfigurationList = E430416F1EF433DC002FC73E /* Build configuration list for PBXProject "VideoPlayerTestApp" */;
			compatibilityVersion = "Xcode 3.2";
			developmentRegion = English;
			hasScannedForEncodings = 0;
			knownRegions = (
				en,
				Base,
			);
			mainGroup = E430416B1EF433DC002FC73E;
			productRefGroup = E43041751EF433DC002FC73E /* Products */;
			projectDirPath = "";
			projectRoot = "";
			targets = (
				E43041731EF433DC002FC73E /* VideoPlayerTestApp */,
			);
		};
/* End PBXProject section */

/* Begin PBXResourcesBuildPhase section */
		E43041721EF433DC002FC73E /* Resources */ = {
			isa = PBXResourcesBuildPhase;
			buildActionMask = 2147483647;
			files = (
				E43041821EF433DC002FC73E /* LaunchScreen.storyboard in Resources */,
				E430417F1EF433DC002FC73E /* Assets.xcassets in Resources */,
				E430417D1EF433DC002FC73E /* Main.storyboard in Resources */,
			);
			runOnlyForDeploymentPostprocessing = 0;
		};
/* End PBXResourcesBuildPhase section */

/* Begin PBXSourcesBuildPhase section */
		E43041701EF433DC002FC73E /* Sources */ = {
			isa = PBXSourcesBuildPhase;
			buildActionMask = 2147483647;
			files = (
				E428E50D1EF8A49C00932ED6 /* VideoViewPlayer.swift in Sources */,
				E428E5061EF8A47100932ED6 /* AVPlayerViewControllerExtension.swift in Sources */,
				E428E50E1EF8A49C00932ED6 /* VideoViewState.swift in Sources */,
				E43041781EF433DC002FC73E /* AppDelegate.swift in Sources */,
				E428E5081EF8A48B00932ED6 /* VideoAnalytics.swift in Sources */,
				E428E50C1EF8A49C00932ED6 /* VideoViewControllerDelegate.swift in Sources */,
				E428E5051EF8A47100932ED6 /* AnalyticsSessionId.swift in Sources */,
				E430418A1EF43554002FC73E /* VideoViewController.swift in Sources */,
			);
			runOnlyForDeploymentPostprocessing = 0;
		};
/* End PBXSourcesBuildPhase section */

/* Begin PBXVariantGroup section */
		E430417B1EF433DC002FC73E /* Main.storyboard */ = {
			isa = PBXVariantGroup;
			children = (
				E430417C1EF433DC002FC73E /* Base */,
			);
			name = Main.storyboard;
			sourceTree = "<group>";
		};
		E43041801EF433DC002FC73E /* LaunchScreen.storyboard */ = {
			isa = PBXVariantGroup;
			children = (
				E43041811EF433DC002FC73E /* Base */,
			);
			name = LaunchScreen.storyboard;
			sourceTree = "<group>";
		};
/* End PBXVariantGroup section */

/* Begin XCBuildConfiguration section */
		E43041841EF433DC002FC73E /* Debug */ = {
			isa = XCBuildConfiguration;
			buildSettings = {
				ALWAYS_SEARCH_USER_PATHS = NO;
				CLANG_ANALYZER_NONNULL = YES;
				CLANG_ANALYZER_NUMBER_OBJECT_CONVERSION = YES_AGGRESSIVE;
				CLANG_CXX_LANGUAGE_STANDARD = "gnu++0x";
				CLANG_CXX_LIBRARY = "libc++";
				CLANG_ENABLE_MODULES = YES;
				CLANG_ENABLE_OBJC_ARC = YES;
				CLANG_WARN_BOOL_CONVERSION = YES;
				CLANG_WARN_CONSTANT_CONVERSION = YES;
				CLANG_WARN_DIRECT_OBJC_ISA_USAGE = YES_ERROR;
				CLANG_WARN_DOCUMENTATION_COMMENTS = YES;
				CLANG_WARN_EMPTY_BODY = YES;
				CLANG_WARN_ENUM_CONVERSION = YES;
				CLANG_WARN_INFINITE_RECURSION = YES;
				CLANG_WARN_INT_CONVERSION = YES;
				CLANG_WARN_OBJC_ROOT_CLASS = YES_ERROR;
				CLANG_WARN_SUSPICIOUS_MOVE = YES;
				CLANG_WARN_UNREACHABLE_CODE = YES;
				CLANG_WARN__DUPLICATE_METHOD_MATCH = YES;
				"CODE_SIGN_IDENTITY[sdk=iphoneos*]" = "iPhone Developer";
				COPY_PHASE_STRIP = NO;
				DEBUG_INFORMATION_FORMAT = dwarf;
				ENABLE_STRICT_OBJC_MSGSEND = YES;
				ENABLE_TESTABILITY = YES;
				GCC_C_LANGUAGE_STANDARD = gnu99;
				GCC_DYNAMIC_NO_PIC = NO;
				GCC_NO_COMMON_BLOCKS = YES;
				GCC_OPTIMIZATION_LEVEL = 0;
				GCC_PREPROCESSOR_DEFINITIONS = (
					"DEBUG=1",
					"$(inherited)",
				);
				GCC_WARN_64_TO_32_BIT_CONVERSION = YES;
				GCC_WARN_ABOUT_RETURN_TYPE = YES_ERROR;
				GCC_WARN_UNDECLARED_SELECTOR = YES;
				GCC_WARN_UNINITIALIZED_AUTOS = YES_AGGRESSIVE;
				GCC_WARN_UNUSED_FUNCTION = YES;
				GCC_WARN_UNUSED_VARIABLE = YES;
				IPHONEOS_DEPLOYMENT_TARGET = 10.3;
				MTL_ENABLE_DEBUG_INFO = YES;
				ONLY_ACTIVE_ARCH = YES;
				SDKROOT = iphoneos;
				SWIFT_ACTIVE_COMPILATION_CONDITIONS = DEBUG;
				SWIFT_OPTIMIZATION_LEVEL = "-Onone";
			};
			name = Debug;
		};
		E43041851EF433DC002FC73E /* Release */ = {
			isa = XCBuildConfiguration;
			buildSettings = {
				ALWAYS_SEARCH_USER_PATHS = NO;
				CLANG_ANALYZER_NONNULL = YES;
				CLANG_ANALYZER_NUMBER_OBJECT_CONVERSION = YES_AGGRESSIVE;
				CLANG_CXX_LANGUAGE_STANDARD = "gnu++0x";
				CLANG_CXX_LIBRARY = "libc++";
				CLANG_ENABLE_MODULES = YES;
				CLANG_ENABLE_OBJC_ARC = YES;
				CLANG_WARN_BOOL_CONVERSION = YES;
				CLANG_WARN_CONSTANT_CONVERSION = YES;
				CLANG_WARN_DIRECT_OBJC_ISA_USAGE = YES_ERROR;
				CLANG_WARN_DOCUMENTATION_COMMENTS = YES;
				CLANG_WARN_EMPTY_BODY = YES;
				CLANG_WARN_ENUM_CONVERSION = YES;
				CLANG_WARN_INFINITE_RECURSION = YES;
				CLANG_WARN_INT_CONVERSION = YES;
				CLANG_WARN_OBJC_ROOT_CLASS = YES_ERROR;
				CLANG_WARN_SUSPICIOUS_MOVE = YES;
				CLANG_WARN_UNREACHABLE_CODE = YES;
				CLANG_WARN__DUPLICATE_METHOD_MATCH = YES;
				"CODE_SIGN_IDENTITY[sdk=iphoneos*]" = "iPhone Developer";
				COPY_PHASE_STRIP = NO;
				DEBUG_INFORMATION_FORMAT = "dwarf-with-dsym";
				ENABLE_NS_ASSERTIONS = NO;
				ENABLE_STRICT_OBJC_MSGSEND = YES;
				GCC_C_LANGUAGE_STANDARD = gnu99;
				GCC_NO_COMMON_BLOCKS = YES;
				GCC_WARN_64_TO_32_BIT_CONVERSION = YES;
				GCC_WARN_ABOUT_RETURN_TYPE = YES_ERROR;
				GCC_WARN_UNDECLARED_SELECTOR = YES;
				GCC_WARN_UNINITIALIZED_AUTOS = YES_AGGRESSIVE;
				GCC_WARN_UNUSED_FUNCTION = YES;
				GCC_WARN_UNUSED_VARIABLE = YES;
				IPHONEOS_DEPLOYMENT_TARGET = 10.3;
				MTL_ENABLE_DEBUG_INFO = NO;
				SDKROOT = iphoneos;
				SWIFT_OPTIMIZATION_LEVEL = "-Owholemodule";
				VALIDATE_PRODUCT = YES;
			};
			name = Release;
		};
		E43041871EF433DC002FC73E /* Debug */ = {
			isa = XCBuildConfiguration;
			buildSettings = {
				ASSETCATALOG_COMPILER_APPICON_NAME = AppIcon;
				DEVELOPMENT_TEAM = 95C7NX5DGM;
				FRAMEWORK_SEARCH_PATHS = (
					"$(inherited)",
					"$(PROJECT_DIR)",
					"$(PROJECT_DIR)/VideoPlayerTestApp",
				);
				INFOPLIST_FILE = VideoPlayerTestApp/Info.plist;
				LD_RUNPATH_SEARCH_PATHS = "$(inherited) @executable_path/Frameworks";
				PRODUCT_BUNDLE_IDENTIFIER = com.shortsands.VideoPlayerTestApp;
				PRODUCT_NAME = "$(TARGET_NAME)";
				SWIFT_VERSION = 3.0;
			};
			name = Debug;
		};
		E43041881EF433DC002FC73E /* Release */ = {
			isa = XCBuildConfiguration;
			buildSettings = {
				ASSETCATALOG_COMPILER_APPICON_NAME = AppIcon;
				DEVELOPMENT_TEAM = 95C7NX5DGM;
				FRAMEWORK_SEARCH_PATHS = (
					"$(inherited)",
					"$(PROJECT_DIR)",
					"$(PROJECT_DIR)/VideoPlayerTestApp",
				);
				INFOPLIST_FILE = VideoPlayerTestApp/Info.plist;
				LD_RUNPATH_SEARCH_PATHS = "$(inherited) @executable_path/Frameworks";
				PRODUCT_BUNDLE_IDENTIFIER = com.shortsands.VideoPlayerTestApp;
				PRODUCT_NAME = "$(TARGET_NAME)";
				SWIFT_VERSION = 3.0;
			};
			name = Release;
		};
/* End XCBuildConfiguration section */

/* Begin XCConfigurationList section */
		E430416F1EF433DC002FC73E /* Build configuration list for PBXProject "VideoPlayerTestApp" */ = {
			isa = XCConfigurationList;
			buildConfigurations = (
				E43041841EF433DC002FC73E /* Debug */,
				E43041851EF433DC002FC73E /* Release */,
			);
			defaultConfigurationIsVisible = 0;
			defaultConfigurationName = Release;
		};
		E43041861EF433DC002FC73E /* Build configuration list for PBXNativeTarget "VideoPlayerTestApp" */ = {
			isa = XCConfigurationList;
			buildConfigurations = (
				E43041871EF433DC002FC73E /* Debug */,
				E43041881EF433DC002FC73E /* Release */,
			);
			defaultConfigurationIsVisible = 0;
			defaultConfigurationName = Release;
		};
/* End XCConfigurationList section */
	};
	rootObject = E430416C1EF433DC002FC73E /* Project object */;
}
