// !$*UTF8*$!
{
	archiveVersion = 1;
	classes = {
	};
	objectVersion = 48;
	objects = {

/* Begin PBXBuildFile section */
		E431EC832079B81900017D22 /* ProgressCircle.swift in Sources */ = {isa = PBXBuildFile; fileRef = E431EC822079B81900017D22 /* ProgressCircle.swift */; };
		E440D02E20942A2A00BE85D4 /* Utility.framework in Frameworks */ = {isa = PBXBuildFile; fileRef = E48A12E120936A090092FCC5 /* Utility.framework */; };
		E44ED9AF20781FFE0003D90D /* libz.1.1.3.tbd in Frameworks */ = {isa = PBXBuildFile; fileRef = E44ED9AE20781FFE0003D90D /* libz.1.1.3.tbd */; };
		E44ED9B9207859410003D90D /* unzip.c in Sources */ = {isa = PBXBuildFile; fileRef = E44ED9B1207859410003D90D /* unzip.c */; };
		E44ED9BA207859410003D90D /* zip.c in Sources */ = {isa = PBXBuildFile; fileRef = E44ED9B2207859410003D90D /* zip.c */; };
		E44ED9BB207859410003D90D /* ioapi.c in Sources */ = {isa = PBXBuildFile; fileRef = E44ED9B3207859410003D90D /* ioapi.c */; };
		E44ED9BC207859410003D90D /* crypt.h in Headers */ = {isa = PBXBuildFile; fileRef = E44ED9B4207859410003D90D /* crypt.h */; };
		E44ED9BD207859410003D90D /* zip.h in Headers */ = {isa = PBXBuildFile; fileRef = E44ED9B5207859410003D90D /* zip.h */; };
		E44ED9BE207859410003D90D /* unzip.h in Headers */ = {isa = PBXBuildFile; fileRef = E44ED9B6207859410003D90D /* unzip.h */; };
		E44ED9BF207859410003D90D /* ioapi.h in Headers */ = {isa = PBXBuildFile; fileRef = E44ED9B8207859410003D90D /* ioapi.h */; };
		E44ED9C32078598F0003D90D /* Zip.swift in Sources */ = {isa = PBXBuildFile; fileRef = E44ED9C22078598E0003D90D /* Zip.swift */; };
		E44ED9C7207866CD0003D90D /* ZipUtilities.swift in Sources */ = {isa = PBXBuildFile; fileRef = E44ED9C6207866CD0003D90D /* ZipUtilities.swift */; };
		E45425F12085780B00F5EEBD /* AwsS3Manager.swift in Sources */ = {isa = PBXBuildFile; fileRef = E45425F02085780B00F5EEBD /* AwsS3Manager.swift */; };
		E45425F52085CE7000F5EEBD /* AwsS3Region.swift in Sources */ = {isa = PBXBuildFile; fileRef = E45425F42085CE7000F5EEBD /* AwsS3Region.swift */; };
		E458D41620772F3800CD5F14 /* AWSTests2.swift in Sources */ = {isa = PBXBuildFile; fileRef = E41B44CD20772918009E0100 /* AWSTests2.swift */; };
		E4C23FDD202D627F00F98324 /* AWS.framework in Frameworks */ = {isa = PBXBuildFile; fileRef = E4C23FD3202D627F00F98324 /* AWS.framework */; };
		E4C23FE4202D627F00F98324 /* AWS.h in Headers */ = {isa = PBXBuildFile; fileRef = E4C23FD6202D627F00F98324 /* AWS.h */; settings = {ATTRIBUTES = (Public, ); }; };
		E4D74E24202D670300097888 /* AwsS3.swift in Sources */ = {isa = PBXBuildFile; fileRef = E4D74E20202D670300097888 /* AwsS3.swift */; };
		E4D74E25202D670300097888 /* AwsS3Cache.swift in Sources */ = {isa = PBXBuildFile; fileRef = E4D74E21202D670300097888 /* AwsS3Cache.swift */; };
		E4D74E26202D670300097888 /* Credentials.swift in Sources */ = {isa = PBXBuildFile; fileRef = E4D74E22202D670300097888 /* Credentials.swift */; };
		E4D74E2A202D671F00097888 /* SS_AWSS3TransferUtility.m in Sources */ = {isa = PBXBuildFile; fileRef = E4D74E27202D671F00097888 /* SS_AWSS3TransferUtility.m */; };
		E4D74E2B202D671F00097888 /* SS_AWSS3TransferUtility.h in Headers */ = {isa = PBXBuildFile; fileRef = E4D74E28202D671F00097888 /* SS_AWSS3TransferUtility.h */; settings = {ATTRIBUTES = (Public, ); }; };
		E4D74E2C202D671F00097888 /* SS_AWSS3PreSignedURL.h in Headers */ = {isa = PBXBuildFile; fileRef = E4D74E29202D671F00097888 /* SS_AWSS3PreSignedURL.h */; settings = {ATTRIBUTES = (Public, ); }; };
		E4D74E2E202D673000097888 /* AWSCore.framework in Frameworks */ = {isa = PBXBuildFile; fileRef = E4D74E2D202D673000097888 /* AWSCore.framework */; };
		E4D74E32202D6C7700097888 /* SS_AWSS3PreSignedURL.m in Sources */ = {isa = PBXBuildFile; fileRef = E4D74E31202D6C7700097888 /* SS_AWSS3PreSignedURL.m */; };
		E4E7330620772AD400318456 /* AWSCore.framework in Frameworks */ = {isa = PBXBuildFile; fileRef = E4D74E2D202D673000097888 /* AWSCore.framework */; };
/* End PBXBuildFile section */

/* Begin PBXContainerItemProxy section */
		E48A12E020936A090092FCC5 /* PBXContainerItemProxy */ = {
			isa = PBXContainerItemProxy;
			containerPortal = E48A12DC20936A090092FCC5 /* Utility.xcodeproj */;
			proxyType = 2;
			remoteGlobalIDString = E411B0392005504D002F888B;
			remoteInfo = Utility;
		};
		E4C23FDE202D627F00F98324 /* PBXContainerItemProxy */ = {
			isa = PBXContainerItemProxy;
			containerPortal = E4C23FCA202D627F00F98324 /* Project object */;
			proxyType = 1;
			remoteGlobalIDString = E4C23FD2202D627F00F98324;
			remoteInfo = AWS;
		};
/* End PBXContainerItemProxy section */

/* Begin PBXFileReference section */
		E41B44CD20772918009E0100 /* AWSTests2.swift */ = {isa = PBXFileReference; lastKnownFileType = sourcecode.swift; path = AWSTests2.swift; sourceTree = "<group>"; };
		E41B44CF20772918009E0100 /* Info.plist */ = {isa = PBXFileReference; lastKnownFileType = text.plist.xml; path = Info.plist; sourceTree = "<group>"; };
		E431EC822079B81900017D22 /* ProgressCircle.swift */ = {isa = PBXFileReference; lastKnownFileType = sourcecode.swift; path = ProgressCircle.swift; sourceTree = "<group>"; };
		E44ED9AE20781FFE0003D90D /* libz.1.1.3.tbd */ = {isa = PBXFileReference; lastKnownFileType = "sourcecode.text-based-dylib-definition"; name = libz.1.1.3.tbd; path = usr/lib/libz.1.1.3.tbd; sourceTree = SDKROOT; };
		E44ED9B1207859410003D90D /* unzip.c */ = {isa = PBXFileReference; fileEncoding = 4; lastKnownFileType = sourcecode.c.c; path = unzip.c; sourceTree = "<group>"; };
		E44ED9B2207859410003D90D /* zip.c */ = {isa = PBXFileReference; fileEncoding = 4; lastKnownFileType = sourcecode.c.c; path = zip.c; sourceTree = "<group>"; };
		E44ED9B3207859410003D90D /* ioapi.c */ = {isa = PBXFileReference; fileEncoding = 4; lastKnownFileType = sourcecode.c.c; path = ioapi.c; sourceTree = "<group>"; };
		E44ED9B4207859410003D90D /* crypt.h */ = {isa = PBXFileReference; fileEncoding = 4; lastKnownFileType = sourcecode.c.h; path = crypt.h; sourceTree = "<group>"; };
		E44ED9B5207859410003D90D /* zip.h */ = {isa = PBXFileReference; fileEncoding = 4; lastKnownFileType = sourcecode.c.h; path = zip.h; sourceTree = "<group>"; };
		E44ED9B6207859410003D90D /* unzip.h */ = {isa = PBXFileReference; fileEncoding = 4; lastKnownFileType = sourcecode.c.h; path = unzip.h; sourceTree = "<group>"; };
		E44ED9B7207859410003D90D /* module.modulemap */ = {isa = PBXFileReference; fileEncoding = 4; lastKnownFileType = "sourcecode.module-map"; path = module.modulemap; sourceTree = "<group>"; };
		E44ED9B8207859410003D90D /* ioapi.h */ = {isa = PBXFileReference; fileEncoding = 4; lastKnownFileType = sourcecode.c.h; path = ioapi.h; sourceTree = "<group>"; };
		E44ED9C22078598E0003D90D /* Zip.swift */ = {isa = PBXFileReference; fileEncoding = 4; lastKnownFileType = sourcecode.swift; path = Zip.swift; sourceTree = "<group>"; };
		E44ED9C6207866CD0003D90D /* ZipUtilities.swift */ = {isa = PBXFileReference; fileEncoding = 4; lastKnownFileType = sourcecode.swift; path = ZipUtilities.swift; sourceTree = "<group>"; };
		E45425F02085780B00F5EEBD /* AwsS3Manager.swift */ = {isa = PBXFileReference; lastKnownFileType = sourcecode.swift; path = AwsS3Manager.swift; sourceTree = "<group>"; };
		E45425F42085CE7000F5EEBD /* AwsS3Region.swift */ = {isa = PBXFileReference; lastKnownFileType = sourcecode.swift; path = AwsS3Region.swift; sourceTree = "<group>"; };
		E48A12DC20936A090092FCC5 /* Utility.xcodeproj */ = {isa = PBXFileReference; lastKnownFileType = "wrapper.pb-project"; name = Utility.xcodeproj; path = ../../../Utility/src/ios/Utility.xcodeproj; sourceTree = "<group>"; };
		E4C23FD3202D627F00F98324 /* AWS.framework */ = {isa = PBXFileReference; explicitFileType = wrapper.framework; includeInIndex = 0; path = AWS.framework; sourceTree = BUILT_PRODUCTS_DIR; };
		E4C23FD6202D627F00F98324 /* AWS.h */ = {isa = PBXFileReference; lastKnownFileType = sourcecode.c.h; path = AWS.h; sourceTree = "<group>"; };
		E4C23FD7202D627F00F98324 /* Info.plist */ = {isa = PBXFileReference; lastKnownFileType = text.plist.xml; path = Info.plist; sourceTree = "<group>"; };
		E4C23FDC202D627F00F98324 /* AWSTests.xctest */ = {isa = PBXFileReference; explicitFileType = wrapper.cfbundle; includeInIndex = 0; path = AWSTests.xctest; sourceTree = BUILT_PRODUCTS_DIR; };
		E4D74E20202D670300097888 /* AwsS3.swift */ = {isa = PBXFileReference; fileEncoding = 4; lastKnownFileType = sourcecode.swift; path = AwsS3.swift; sourceTree = "<group>"; };
		E4D74E21202D670300097888 /* AwsS3Cache.swift */ = {isa = PBXFileReference; fileEncoding = 4; lastKnownFileType = sourcecode.swift; path = AwsS3Cache.swift; sourceTree = "<group>"; };
		E4D74E22202D670300097888 /* Credentials.swift */ = {isa = PBXFileReference; fileEncoding = 4; lastKnownFileType = sourcecode.swift; path = Credentials.swift; sourceTree = "<group>"; };
		E4D74E27202D671F00097888 /* SS_AWSS3TransferUtility.m */ = {isa = PBXFileReference; fileEncoding = 4; lastKnownFileType = sourcecode.c.objc; path = SS_AWSS3TransferUtility.m; sourceTree = "<group>"; };
		E4D74E28202D671F00097888 /* SS_AWSS3TransferUtility.h */ = {isa = PBXFileReference; fileEncoding = 4; lastKnownFileType = sourcecode.c.h; path = SS_AWSS3TransferUtility.h; sourceTree = "<group>"; };
		E4D74E29202D671F00097888 /* SS_AWSS3PreSignedURL.h */ = {isa = PBXFileReference; fileEncoding = 4; lastKnownFileType = sourcecode.c.h; path = SS_AWSS3PreSignedURL.h; sourceTree = "<group>"; };
		E4D74E2D202D673000097888 /* AWSCore.framework */ = {isa = PBXFileReference; lastKnownFileType = wrapper.framework; path = AWSCore.framework; sourceTree = "<group>"; };
		E4D74E31202D6C7700097888 /* SS_AWSS3PreSignedURL.m */ = {isa = PBXFileReference; lastKnownFileType = sourcecode.c.objc; path = SS_AWSS3PreSignedURL.m; sourceTree = "<group>"; };
/* End PBXFileReference section */

/* Begin PBXFrameworksBuildPhase section */
		E4C23FCF202D627F00F98324 /* Frameworks */ = {
			isa = PBXFrameworksBuildPhase;
			buildActionMask = 2147483647;
			files = (
				E440D02E20942A2A00BE85D4 /* Utility.framework in Frameworks */,
				E44ED9AF20781FFE0003D90D /* libz.1.1.3.tbd in Frameworks */,
				E4D74E2E202D673000097888 /* AWSCore.framework in Frameworks */,
			);
			runOnlyForDeploymentPostprocessing = 0;
		};
		E4C23FD9202D627F00F98324 /* Frameworks */ = {
			isa = PBXFrameworksBuildPhase;
			buildActionMask = 2147483647;
			files = (
				E4C23FDD202D627F00F98324 /* AWS.framework in Frameworks */,
				E4E7330620772AD400318456 /* AWSCore.framework in Frameworks */,
			);
			runOnlyForDeploymentPostprocessing = 0;
		};
/* End PBXFrameworksBuildPhase section */

/* Begin PBXGroup section */
		E41B44CC20772918009E0100 /* AWSTests */ = {
			isa = PBXGroup;
			children = (
				E41B44CD20772918009E0100 /* AWSTests2.swift */,
				E41B44CF20772918009E0100 /* Info.plist */,
			);
			path = AWSTests;
			sourceTree = "<group>";
		};
		E44ED9AD20781FFE0003D90D /* Frameworks */ = {
			isa = PBXGroup;
			children = (
				E44ED9AE20781FFE0003D90D /* libz.1.1.3.tbd */,
			);
			name = Frameworks;
			sourceTree = "<group>";
		};
		E44ED9B0207859410003D90D /* minizip */ = {
			isa = PBXGroup;
			children = (
				E44ED9B1207859410003D90D /* unzip.c */,
				E44ED9B6207859410003D90D /* unzip.h */,
				E44ED9B2207859410003D90D /* zip.c */,
				E44ED9B3207859410003D90D /* ioapi.c */,
				E44ED9B4207859410003D90D /* crypt.h */,
				E44ED9B5207859410003D90D /* zip.h */,
				E44ED9B8207859410003D90D /* ioapi.h */,
				E44ED9B7207859410003D90D /* module.modulemap */,
			);
			path = minizip;
			sourceTree = "<group>";
		};
		E48A12DD20936A090092FCC5 /* Products */ = {
			isa = PBXGroup;
			children = (
				E48A12E120936A090092FCC5 /* Utility.framework */,
			);
			name = Products;
			sourceTree = "<group>";
		};
		E4C23FC9202D627F00F98324 = {
			isa = PBXGroup;
			children = (
				E48A12DC20936A090092FCC5 /* Utility.xcodeproj */,
				E4C23FD5202D627F00F98324 /* AWS */,
				E41B44CC20772918009E0100 /* AWSTests */,
				E4C23FD4202D627F00F98324 /* Products */,
				E44ED9AD20781FFE0003D90D /* Frameworks */,
			);
			sourceTree = "<group>";
		};
		E4C23FD4202D627F00F98324 /* Products */ = {
			isa = PBXGroup;
			children = (
				E4C23FD3202D627F00F98324 /* AWS.framework */,
				E4C23FDC202D627F00F98324 /* AWSTests.xctest */,
			);
			name = Products;
			sourceTree = "<group>";
		};
		E4C23FD5202D627F00F98324 /* AWS */ = {
			isa = PBXGroup;
			children = (
				E45425F42085CE7000F5EEBD /* AwsS3Region.swift */,
				E45425F02085780B00F5EEBD /* AwsS3Manager.swift */,
				E4D74E20202D670300097888 /* AwsS3.swift */,
				E4D74E21202D670300097888 /* AwsS3Cache.swift */,
				E4D74E22202D670300097888 /* Credentials.swift */,
				E431EC822079B81900017D22 /* ProgressCircle.swift */,
				E4D74E29202D671F00097888 /* SS_AWSS3PreSignedURL.h */,
				E4D74E31202D6C7700097888 /* SS_AWSS3PreSignedURL.m */,
				E4D74E28202D671F00097888 /* SS_AWSS3TransferUtility.h */,
				E4D74E27202D671F00097888 /* SS_AWSS3TransferUtility.m */,
				E4C23FD6202D627F00F98324 /* AWS.h */,
				E44ED9C22078598E0003D90D /* Zip.swift */,
				E44ED9C6207866CD0003D90D /* ZipUtilities.swift */,
				E44ED9B0207859410003D90D /* minizip */,
				E4C23FD7202D627F00F98324 /* Info.plist */,
				E4D74E2D202D673000097888 /* AWSCore.framework */,
			);
			path = AWS;
			sourceTree = "<group>";
		};
/* End PBXGroup section */

/* Begin PBXHeadersBuildPhase section */
		E4C23FD0202D627F00F98324 /* Headers */ = {
			isa = PBXHeadersBuildPhase;
			buildActionMask = 2147483647;
			files = (
				E44ED9BF207859410003D90D /* ioapi.h in Headers */,
				E4D74E2B202D671F00097888 /* SS_AWSS3TransferUtility.h in Headers */,
				E4D74E2C202D671F00097888 /* SS_AWSS3PreSignedURL.h in Headers */,
				E4C23FE4202D627F00F98324 /* AWS.h in Headers */,
				E44ED9BE207859410003D90D /* unzip.h in Headers */,
				E44ED9BD207859410003D90D /* zip.h in Headers */,
				E44ED9BC207859410003D90D /* crypt.h in Headers */,
			);
			runOnlyForDeploymentPostprocessing = 0;
		};
/* End PBXHeadersBuildPhase section */

/* Begin PBXNativeTarget section */
		E4C23FD2202D627F00F98324 /* AWS */ = {
			isa = PBXNativeTarget;
			buildConfigurationList = E4C23FE7202D627F00F98324 /* Build configuration list for PBXNativeTarget "AWS" */;
			buildPhases = (
				E4C23FCE202D627F00F98324 /* Sources */,
				E4C23FCF202D627F00F98324 /* Frameworks */,
				E4C23FD0202D627F00F98324 /* Headers */,
				E4C23FD1202D627F00F98324 /* Resources */,
			);
			buildRules = (
			);
			dependencies = (
			);
			name = AWS;
			productName = AWS;
			productReference = E4C23FD3202D627F00F98324 /* AWS.framework */;
			productType = "com.apple.product-type.framework";
		};
		E4C23FDB202D627F00F98324 /* AWSTests */ = {
			isa = PBXNativeTarget;
			buildConfigurationList = E4C23FEA202D627F00F98324 /* Build configuration list for PBXNativeTarget "AWSTests" */;
			buildPhases = (
				E4C23FD8202D627F00F98324 /* Sources */,
				E4C23FD9202D627F00F98324 /* Frameworks */,
				E4C23FDA202D627F00F98324 /* Resources */,
			);
			buildRules = (
			);
			dependencies = (
				E4C23FDF202D627F00F98324 /* PBXTargetDependency */,
			);
			name = AWSTests;
			productName = AWSTests;
			productReference = E4C23FDC202D627F00F98324 /* AWSTests.xctest */;
			productType = "com.apple.product-type.bundle.unit-test";
		};
/* End PBXNativeTarget section */

/* Begin PBXProject section */
		E4C23FCA202D627F00F98324 /* Project object */ = {
			isa = PBXProject;
			attributes = {
				LastSwiftUpdateCheck = 0930;
				LastUpgradeCheck = 0930;
				ORGANIZATIONNAME = ShortSands;
				TargetAttributes = {
					E4C23FD2202D627F00F98324 = {
						CreatedOnToolsVersion = 9.2;
						LastSwiftMigration = 1000;
						ProvisioningStyle = Automatic;
					};
					E4C23FDB202D627F00F98324 = {
						CreatedOnToolsVersion = 9.2;
						ProvisioningStyle = Automatic;
					};
				};
			};
			buildConfigurationList = E4C23FCD202D627F00F98324 /* Build configuration list for PBXProject "AWS" */;
			compatibilityVersion = "Xcode 8.0";
			developmentRegion = en;
			hasScannedForEncodings = 0;
			knownRegions = (
				en,
			);
			mainGroup = E4C23FC9202D627F00F98324;
			productRefGroup = E4C23FD4202D627F00F98324 /* Products */;
			projectDirPath = "";
			projectReferences = (
				{
					ProductGroup = E48A12DD20936A090092FCC5 /* Products */;
					ProjectRef = E48A12DC20936A090092FCC5 /* Utility.xcodeproj */;
				},
			);
			projectRoot = "";
			targets = (
				E4C23FD2202D627F00F98324 /* AWS */,
				E4C23FDB202D627F00F98324 /* AWSTests */,
			);
		};
/* End PBXProject section */

/* Begin PBXReferenceProxy section */
		E48A12E120936A090092FCC5 /* Utility.framework */ = {
			isa = PBXReferenceProxy;
			fileType = wrapper.framework;
			path = Utility.framework;
			remoteRef = E48A12E020936A090092FCC5 /* PBXContainerItemProxy */;
			sourceTree = BUILT_PRODUCTS_DIR;
		};
/* End PBXReferenceProxy section */

/* Begin PBXResourcesBuildPhase section */
		E4C23FD1202D627F00F98324 /* Resources */ = {
			isa = PBXResourcesBuildPhase;
			buildActionMask = 2147483647;
			files = (
			);
			runOnlyForDeploymentPostprocessing = 0;
		};
		E4C23FDA202D627F00F98324 /* Resources */ = {
			isa = PBXResourcesBuildPhase;
			buildActionMask = 2147483647;
			files = (
			);
			runOnlyForDeploymentPostprocessing = 0;
		};
/* End PBXResourcesBuildPhase section */

/* Begin PBXSourcesBuildPhase section */
		E4C23FCE202D627F00F98324 /* Sources */ = {
			isa = PBXSourcesBuildPhase;
			buildActionMask = 2147483647;
			files = (
				E4D74E26202D670300097888 /* Credentials.swift in Sources */,
				E45425F12085780B00F5EEBD /* AwsS3Manager.swift in Sources */,
				E44ED9BA207859410003D90D /* zip.c in Sources */,
				E44ED9C7207866CD0003D90D /* ZipUtilities.swift in Sources */,
				E44ED9B9207859410003D90D /* unzip.c in Sources */,
				E4D74E25202D670300097888 /* AwsS3Cache.swift in Sources */,
				E44ED9C32078598F0003D90D /* Zip.swift in Sources */,
				E45425F52085CE7000F5EEBD /* AwsS3Region.swift in Sources */,
				E4D74E24202D670300097888 /* AwsS3.swift in Sources */,
				E431EC832079B81900017D22 /* ProgressCircle.swift in Sources */,
				E44ED9BB207859410003D90D /* ioapi.c in Sources */,
				E4D74E2A202D671F00097888 /* SS_AWSS3TransferUtility.m in Sources */,
				E4D74E32202D6C7700097888 /* SS_AWSS3PreSignedURL.m in Sources */,
			);
			runOnlyForDeploymentPostprocessing = 0;
		};
		E4C23FD8202D627F00F98324 /* Sources */ = {
			isa = PBXSourcesBuildPhase;
			buildActionMask = 2147483647;
			files = (
				E458D41620772F3800CD5F14 /* AWSTests2.swift in Sources */,
			);
			runOnlyForDeploymentPostprocessing = 0;
		};
/* End PBXSourcesBuildPhase section */

/* Begin PBXTargetDependency section */
		E4C23FDF202D627F00F98324 /* PBXTargetDependency */ = {
			isa = PBXTargetDependency;
			target = E4C23FD2202D627F00F98324 /* AWS */;
			targetProxy = E4C23FDE202D627F00F98324 /* PBXContainerItemProxy */;
		};
/* End PBXTargetDependency section */

/* Begin XCBuildConfiguration section */
		E4C23FE5202D627F00F98324 /* Debug */ = {
			isa = XCBuildConfiguration;
			buildSettings = {
				ALWAYS_SEARCH_USER_PATHS = NO;
				CLANG_ANALYZER_NONNULL = YES;
				CLANG_ANALYZER_NUMBER_OBJECT_CONVERSION = YES_AGGRESSIVE;
				CLANG_CXX_LANGUAGE_STANDARD = "gnu++14";
				CLANG_CXX_LIBRARY = "libc++";
				CLANG_ENABLE_MODULES = YES;
				CLANG_ENABLE_OBJC_ARC = YES;
				CLANG_WARN_BLOCK_CAPTURE_AUTORELEASING = YES;
				CLANG_WARN_BOOL_CONVERSION = YES;
				CLANG_WARN_COMMA = YES;
				CLANG_WARN_CONSTANT_CONVERSION = YES;
				CLANG_WARN_DEPRECATED_OBJC_IMPLEMENTATIONS = YES;
				CLANG_WARN_DIRECT_OBJC_ISA_USAGE = YES_ERROR;
				CLANG_WARN_DOCUMENTATION_COMMENTS = YES;
				CLANG_WARN_EMPTY_BODY = YES;
				CLANG_WARN_ENUM_CONVERSION = YES;
				CLANG_WARN_INFINITE_RECURSION = YES;
				CLANG_WARN_INT_CONVERSION = YES;
				CLANG_WARN_NON_LITERAL_NULL_CONVERSION = YES;
				CLANG_WARN_OBJC_IMPLICIT_RETAIN_SELF = YES;
				CLANG_WARN_OBJC_LITERAL_CONVERSION = YES;
				CLANG_WARN_OBJC_ROOT_CLASS = YES_ERROR;
				CLANG_WARN_RANGE_LOOP_ANALYSIS = YES;
				CLANG_WARN_STRICT_PROTOTYPES = YES;
				CLANG_WARN_SUSPICIOUS_MOVE = YES;
				CLANG_WARN_UNGUARDED_AVAILABILITY = YES_AGGRESSIVE;
				CLANG_WARN_UNREACHABLE_CODE = YES;
				CLANG_WARN__DUPLICATE_METHOD_MATCH = YES;
				CODE_SIGN_IDENTITY = "iPhone Developer";
				COPY_PHASE_STRIP = NO;
				CURRENT_PROJECT_VERSION = 1;
				DEBUG_INFORMATION_FORMAT = dwarf;
				ENABLE_STRICT_OBJC_MSGSEND = YES;
				ENABLE_TESTABILITY = YES;
				GCC_C_LANGUAGE_STANDARD = gnu11;
				GCC_DYNAMIC_NO_PIC = NO;
				GCC_NO_COMMON_BLOCKS = YES;
				GCC_OPTIMIZATION_LEVEL = 0;
				GCC_PREPROCESSOR_DEFINITIONS = (
					"DEBUG=1",
					"$(inherited)",
				);
				GCC_WARN_64_TO_32_BIT_CONVERSION = YES;
				GCC_WARN_ABOUT_RETURN_TYPE = YES_ERROR;
				GCC_WARN_UNDECLARED_SELECTOR = YES;
				GCC_WARN_UNINITIALIZED_AUTOS = YES_AGGRESSIVE;
				GCC_WARN_UNUSED_FUNCTION = YES;
				GCC_WARN_UNUSED_VARIABLE = YES;
				IPHONEOS_DEPLOYMENT_TARGET = 11.2;
				MTL_ENABLE_DEBUG_INFO = YES;
				ONLY_ACTIVE_ARCH = YES;
				SDKROOT = iphoneos;
				SWIFT_ACTIVE_COMPILATION_CONDITIONS = DEBUG;
				SWIFT_OPTIMIZATION_LEVEL = "-Onone";
				VERSIONING_SYSTEM = "apple-generic";
				VERSION_INFO_PREFIX = "";
			};
			name = Debug;
		};
		E4C23FE6202D627F00F98324 /* Release */ = {
			isa = XCBuildConfiguration;
			buildSettings = {
				ALWAYS_SEARCH_USER_PATHS = NO;
				CLANG_ANALYZER_NONNULL = YES;
				CLANG_ANALYZER_NUMBER_OBJECT_CONVERSION = YES_AGGRESSIVE;
				CLANG_CXX_LANGUAGE_STANDARD = "gnu++14";
				CLANG_CXX_LIBRARY = "libc++";
				CLANG_ENABLE_MODULES = YES;
				CLANG_ENABLE_OBJC_ARC = YES;
				CLANG_WARN_BLOCK_CAPTURE_AUTORELEASING = YES;
				CLANG_WARN_BOOL_CONVERSION = YES;
				CLANG_WARN_COMMA = YES;
				CLANG_WARN_CONSTANT_CONVERSION = YES;
				CLANG_WARN_DEPRECATED_OBJC_IMPLEMENTATIONS = YES;
				CLANG_WARN_DIRECT_OBJC_ISA_USAGE = YES_ERROR;
				CLANG_WARN_DOCUMENTATION_COMMENTS = YES;
				CLANG_WARN_EMPTY_BODY = YES;
				CLANG_WARN_ENUM_CONVERSION = YES;
				CLANG_WARN_INFINITE_RECURSION = YES;
				CLANG_WARN_INT_CONVERSION = YES;
				CLANG_WARN_NON_LITERAL_NULL_CONVERSION = YES;
				CLANG_WARN_OBJC_IMPLICIT_RETAIN_SELF = YES;
				CLANG_WARN_OBJC_LITERAL_CONVERSION = YES;
				CLANG_WARN_OBJC_ROOT_CLASS = YES_ERROR;
				CLANG_WARN_RANGE_LOOP_ANALYSIS = YES;
				CLANG_WARN_STRICT_PROTOTYPES = YES;
				CLANG_WARN_SUSPICIOUS_MOVE = YES;
				CLANG_WARN_UNGUARDED_AVAILABILITY = YES_AGGRESSIVE;
				CLANG_WARN_UNREACHABLE_CODE = YES;
				CLANG_WARN__DUPLICATE_METHOD_MATCH = YES;
				CODE_SIGN_IDENTITY = "iPhone Developer";
				COPY_PHASE_STRIP = NO;
				CURRENT_PROJECT_VERSION = 1;
				DEBUG_INFORMATION_FORMAT = "dwarf-with-dsym";
				ENABLE_NS_ASSERTIONS = NO;
				ENABLE_STRICT_OBJC_MSGSEND = YES;
				GCC_C_LANGUAGE_STANDARD = gnu11;
				GCC_NO_COMMON_BLOCKS = YES;
				GCC_WARN_64_TO_32_BIT_CONVERSION = YES;
				GCC_WARN_ABOUT_RETURN_TYPE = YES_ERROR;
				GCC_WARN_UNDECLARED_SELECTOR = YES;
				GCC_WARN_UNINITIALIZED_AUTOS = YES_AGGRESSIVE;
				GCC_WARN_UNUSED_FUNCTION = YES;
				GCC_WARN_UNUSED_VARIABLE = YES;
				IPHONEOS_DEPLOYMENT_TARGET = 11.2;
				MTL_ENABLE_DEBUG_INFO = NO;
				SDKROOT = iphoneos;
				SWIFT_OPTIMIZATION_LEVEL = "-Owholemodule";
				VALIDATE_PRODUCT = YES;
				VERSIONING_SYSTEM = "apple-generic";
				VERSION_INFO_PREFIX = "";
			};
			name = Release;
		};
		E4C23FE8202D627F00F98324 /* Debug */ = {
			isa = XCBuildConfiguration;
			buildSettings = {
				CLANG_ENABLE_MODULES = YES;
				CODE_SIGN_IDENTITY = "";
				CODE_SIGN_STYLE = Automatic;
				DEFINES_MODULE = YES;
				DEVELOPMENT_TEAM = 95C7NX5DGM;
				DYLIB_COMPATIBILITY_VERSION = 1;
				DYLIB_CURRENT_VERSION = 1;
				DYLIB_INSTALL_NAME_BASE = "@rpath";
				FRAMEWORK_SEARCH_PATHS = (
					"$(inherited)",
					"$(PROJECT_DIR)/AWS",
				);
				INFOPLIST_FILE = AWS/Info.plist;
				INSTALL_PATH = "$(LOCAL_LIBRARY_DIR)/Frameworks";
				IPHONEOS_DEPLOYMENT_TARGET = 10.0;
				LD_RUNPATH_SEARCH_PATHS = "$(inherited) @executable_path/Frameworks @loader_path/Frameworks";
				PRODUCT_BUNDLE_IDENTIFIER = com.shortsands.AWS;
				PRODUCT_NAME = "$(TARGET_NAME:c99extidentifier)";
				SKIP_INSTALL = YES;
				SWIFT_ACTIVE_COMPILATION_CONDITIONS = USE_FRAMEWORK;
				"SWIFT_INCLUDE_PATHS[arch=*]" = /Users/garygriswold/ShortSands/BibleApp/Plugins/AWS/src/ios/AWS/minizip;
				SWIFT_OPTIMIZATION_LEVEL = "-Onone";
				SWIFT_VERSION = 4.2;
				TARGETED_DEVICE_FAMILY = "1,2";
			};
			name = Debug;
		};
		E4C23FE9202D627F00F98324 /* Release */ = {
			isa = XCBuildConfiguration;
			buildSettings = {
				CLANG_ENABLE_MODULES = YES;
				CODE_SIGN_IDENTITY = "";
				CODE_SIGN_STYLE = Automatic;
				DEFINES_MODULE = YES;
				DEVELOPMENT_TEAM = 95C7NX5DGM;
				DYLIB_COMPATIBILITY_VERSION = 1;
				DYLIB_CURRENT_VERSION = 1;
				DYLIB_INSTALL_NAME_BASE = "@rpath";
				FRAMEWORK_SEARCH_PATHS = (
					"$(inherited)",
					"$(PROJECT_DIR)/AWS",
				);
				INFOPLIST_FILE = AWS/Info.plist;
				INSTALL_PATH = "$(LOCAL_LIBRARY_DIR)/Frameworks";
				IPHONEOS_DEPLOYMENT_TARGET = 10.0;
				LD_RUNPATH_SEARCH_PATHS = "$(inherited) @executable_path/Frameworks @loader_path/Frameworks";
				PRODUCT_BUNDLE_IDENTIFIER = com.shortsands.AWS;
				PRODUCT_NAME = "$(TARGET_NAME:c99extidentifier)";
				SKIP_INSTALL = YES;
				SWIFT_ACTIVE_COMPILATION_CONDITIONS = USE_FRAMEWORK;
				"SWIFT_INCLUDE_PATHS[arch=*]" = /Users/garygriswold/ShortSands/BibleApp/Plugins/AWS/src/ios/AWS/minizip;
				SWIFT_VERSION = 4.2;
				TARGETED_DEVICE_FAMILY = "1,2";
			};
			name = Release;
		};
		E4C23FEB202D627F00F98324 /* Debug */ = {
			isa = XCBuildConfiguration;
			buildSettings = {
				ALWAYS_EMBED_SWIFT_STANDARD_LIBRARIES = YES;
				CODE_SIGN_STYLE = Automatic;
				DEVELOPMENT_TEAM = 95C7NX5DGM;
				FRAMEWORK_SEARCH_PATHS = (
					"$(inherited)",
					"$(PROJECT_DIR)/AWS",
				);
				INFOPLIST_FILE = AWSTests/Info.plist;
				LD_RUNPATH_SEARCH_PATHS = "$(inherited) @executable_path/Frameworks @loader_path/Frameworks";
				PRODUCT_BUNDLE_IDENTIFIER = com.shortsands.AWSTests;
				PRODUCT_NAME = "$(TARGET_NAME)";
				SWIFT_VERSION = 4.0;
				TARGETED_DEVICE_FAMILY = "1,2";
			};
			name = Debug;
		};
		E4C23FEC202D627F00F98324 /* Release */ = {
			isa = XCBuildConfiguration;
			buildSettings = {
				ALWAYS_EMBED_SWIFT_STANDARD_LIBRARIES = YES;
				CODE_SIGN_STYLE = Automatic;
				DEVELOPMENT_TEAM = 95C7NX5DGM;
				FRAMEWORK_SEARCH_PATHS = (
					"$(inherited)",
					"$(PROJECT_DIR)/AWS",
				);
				INFOPLIST_FILE = AWSTests/Info.plist;
				LD_RUNPATH_SEARCH_PATHS = "$(inherited) @executable_path/Frameworks @loader_path/Frameworks";
				PRODUCT_BUNDLE_IDENTIFIER = com.shortsands.AWSTests;
				PRODUCT_NAME = "$(TARGET_NAME)";
				SWIFT_VERSION = 4.0;
				TARGETED_DEVICE_FAMILY = "1,2";
			};
			name = Release;
		};
/* End XCBuildConfiguration section */

/* Begin XCConfigurationList section */
		E4C23FCD202D627F00F98324 /* Build configuration list for PBXProject "AWS" */ = {
			isa = XCConfigurationList;
			buildConfigurations = (
				E4C23FE5202D627F00F98324 /* Debug */,
				E4C23FE6202D627F00F98324 /* Release */,
			);
			defaultConfigurationIsVisible = 0;
			defaultConfigurationName = Release;
		};
		E4C23FE7202D627F00F98324 /* Build configuration list for PBXNativeTarget "AWS" */ = {
			isa = XCConfigurationList;
			buildConfigurations = (
				E4C23FE8202D627F00F98324 /* Debug */,
				E4C23FE9202D627F00F98324 /* Release */,
			);
			defaultConfigurationIsVisible = 0;
			defaultConfigurationName = Release;
		};
		E4C23FEA202D627F00F98324 /* Build configuration list for PBXNativeTarget "AWSTests" */ = {
			isa = XCConfigurationList;
			buildConfigurations = (
				E4C23FEB202D627F00F98324 /* Debug */,
				E4C23FEC202D627F00F98324 /* Release */,
			);
			defaultConfigurationIsVisible = 0;
			defaultConfigurationName = Release;
		};
/* End XCConfigurationList section */
	};
	rootObject = E4C23FCA202D627F00F98324 /* Project object */;
}
