// !$*UTF8*$!
{
	archiveVersion = 1;
	classes = {
	};
	objectVersion = 48;
	objects = {

/* Begin PBXBuildFile section */
		E453E2381F91C58500D938F6 /* AppDelegate.swift in Sources */ = {isa = PBXBuildFile; fileRef = E453E2371F91C58500D938F6 /* AppDelegate.swift */; };
		E453E23A1F91C58500D938F6 /* ViewController.swift in Sources */ = {isa = PBXBuildFile; fileRef = E453E2391F91C58500D938F6 /* ViewController.swift */; };
		E453E23D1F91C58500D938F6 /* Main.storyboard in Resources */ = {isa = PBXBuildFile; fileRef = E453E23B1F91C58500D938F6 /* Main.storyboard */; };
		E453E23F1F91C58500D938F6 /* Assets.xcassets in Resources */ = {isa = PBXBuildFile; fileRef = E453E23E1F91C58500D938F6 /* Assets.xcassets */; };
		E453E2421F91C58500D938F6 /* LaunchScreen.storyboard in Resources */ = {isa = PBXBuildFile; fileRef = E453E2401F91C58500D938F6 /* LaunchScreen.storyboard */; };
		E453E24D1F91C58500D938F6 /* TextViewTests.swift in Sources */ = {isa = PBXBuildFile; fileRef = E453E24C1F91C58500D938F6 /* TextViewTests.swift */; };
		E453E2581F91C58500D938F6 /* TextViewUITests.swift in Sources */ = {isa = PBXBuildFile; fileRef = E453E2571F91C58500D938F6 /* TextViewUITests.swift */; };
		E47BDD9E1F927E08008B9B12 /* AWS.framework in Frameworks */ = {isa = PBXBuildFile; fileRef = E47BDD9D1F927E08008B9B12 /* AWS.framework */; };
		E47BDD9F1F927E08008B9B12 /* AWS.framework in Embed Frameworks */ = {isa = PBXBuildFile; fileRef = E47BDD9D1F927E08008B9B12 /* AWS.framework */; settings = {ATTRIBUTES = (CodeSignOnCopy, RemoveHeadersOnCopy, ); }; };
		E47BDDA21F927E1C008B9B12 /* AWSCore.framework in Frameworks */ = {isa = PBXBuildFile; fileRef = E47BDDA11F927E1C008B9B12 /* AWSCore.framework */; };
		E47BDDA31F927E1C008B9B12 /* AWSCore.framework in Embed Frameworks */ = {isa = PBXBuildFile; fileRef = E47BDDA11F927E1C008B9B12 /* AWSCore.framework */; settings = {ATTRIBUTES = (CodeSignOnCopy, RemoveHeadersOnCopy, ); }; };
		E47BDDA51F927E35008B9B12 /* Zip.framework in Frameworks */ = {isa = PBXBuildFile; fileRef = E47BDDA41F927E35008B9B12 /* Zip.framework */; };
		E47BDDA61F927E35008B9B12 /* Zip.framework in Embed Frameworks */ = {isa = PBXBuildFile; fileRef = E47BDDA41F927E35008B9B12 /* Zip.framework */; settings = {ATTRIBUTES = (CodeSignOnCopy, RemoveHeadersOnCopy, ); }; };
/* End PBXBuildFile section */

/* Begin PBXContainerItemProxy section */
		E453E2491F91C58500D938F6 /* PBXContainerItemProxy */ = {
			isa = PBXContainerItemProxy;
			containerPortal = E453E22C1F91C58500D938F6 /* Project object */;
			proxyType = 1;
			remoteGlobalIDString = E453E2331F91C58500D938F6;
			remoteInfo = TextView;
		};
		E453E2541F91C58500D938F6 /* PBXContainerItemProxy */ = {
			isa = PBXContainerItemProxy;
			containerPortal = E453E22C1F91C58500D938F6 /* Project object */;
			proxyType = 1;
			remoteGlobalIDString = E453E2331F91C58500D938F6;
			remoteInfo = TextView;
		};
/* End PBXContainerItemProxy section */

/* Begin PBXCopyFilesBuildPhase section */
		E47BDDA01F927E09008B9B12 /* Embed Frameworks */ = {
			isa = PBXCopyFilesBuildPhase;
			buildActionMask = 2147483647;
			dstPath = "";
			dstSubfolderSpec = 10;
			files = (
				E47BDD9F1F927E08008B9B12 /* AWS.framework in Embed Frameworks */,
				E47BDDA61F927E35008B9B12 /* Zip.framework in Embed Frameworks */,
				E47BDDA31F927E1C008B9B12 /* AWSCore.framework in Embed Frameworks */,
			);
			name = "Embed Frameworks";
			runOnlyForDeploymentPostprocessing = 0;
		};
/* End PBXCopyFilesBuildPhase section */

/* Begin PBXFileReference section */
		E453E2341F91C58500D938F6 /* TextView.app */ = {isa = PBXFileReference; explicitFileType = wrapper.application; includeInIndex = 0; path = TextView.app; sourceTree = BUILT_PRODUCTS_DIR; };
		E453E2371F91C58500D938F6 /* AppDelegate.swift */ = {isa = PBXFileReference; lastKnownFileType = sourcecode.swift; path = AppDelegate.swift; sourceTree = "<group>"; };
		E453E2391F91C58500D938F6 /* ViewController.swift */ = {isa = PBXFileReference; lastKnownFileType = sourcecode.swift; path = ViewController.swift; sourceTree = "<group>"; };
		E453E23C1F91C58500D938F6 /* Base */ = {isa = PBXFileReference; lastKnownFileType = file.storyboard; name = Base; path = Base.lproj/Main.storyboard; sourceTree = "<group>"; };
		E453E23E1F91C58500D938F6 /* Assets.xcassets */ = {isa = PBXFileReference; lastKnownFileType = folder.assetcatalog; path = Assets.xcassets; sourceTree = "<group>"; };
		E453E2411F91C58500D938F6 /* Base */ = {isa = PBXFileReference; lastKnownFileType = file.storyboard; name = Base; path = Base.lproj/LaunchScreen.storyboard; sourceTree = "<group>"; };
		E453E2431F91C58500D938F6 /* Info.plist */ = {isa = PBXFileReference; lastKnownFileType = text.plist.xml; path = Info.plist; sourceTree = "<group>"; };
		E453E2481F91C58500D938F6 /* TextViewTests.xctest */ = {isa = PBXFileReference; explicitFileType = wrapper.cfbundle; includeInIndex = 0; path = TextViewTests.xctest; sourceTree = BUILT_PRODUCTS_DIR; };
		E453E24C1F91C58500D938F6 /* TextViewTests.swift */ = {isa = PBXFileReference; lastKnownFileType = sourcecode.swift; path = TextViewTests.swift; sourceTree = "<group>"; };
		E453E24E1F91C58500D938F6 /* Info.plist */ = {isa = PBXFileReference; lastKnownFileType = text.plist.xml; path = Info.plist; sourceTree = "<group>"; };
		E453E2531F91C58500D938F6 /* TextViewUITests.xctest */ = {isa = PBXFileReference; explicitFileType = wrapper.cfbundle; includeInIndex = 0; path = TextViewUITests.xctest; sourceTree = BUILT_PRODUCTS_DIR; };
		E453E2571F91C58500D938F6 /* TextViewUITests.swift */ = {isa = PBXFileReference; lastKnownFileType = sourcecode.swift; path = TextViewUITests.swift; sourceTree = "<group>"; };
		E453E2591F91C58500D938F6 /* Info.plist */ = {isa = PBXFileReference; lastKnownFileType = text.plist.xml; path = Info.plist; sourceTree = "<group>"; };
		E47BDD9D1F927E08008B9B12 /* AWS.framework */ = {isa = PBXFileReference; lastKnownFileType = wrapper.framework; path = AWS.framework; sourceTree = "<group>"; };
		E47BDDA11F927E1C008B9B12 /* AWSCore.framework */ = {isa = PBXFileReference; lastKnownFileType = wrapper.framework; path = AWSCore.framework; sourceTree = "<group>"; };
		E47BDDA41F927E35008B9B12 /* Zip.framework */ = {isa = PBXFileReference; lastKnownFileType = wrapper.framework; path = Zip.framework; sourceTree = "<group>"; };
/* End PBXFileReference section */

/* Begin PBXFrameworksBuildPhase section */
		E453E2311F91C58500D938F6 /* Frameworks */ = {
			isa = PBXFrameworksBuildPhase;
			buildActionMask = 2147483647;
			files = (
				E47BDD9E1F927E08008B9B12 /* AWS.framework in Frameworks */,
				E47BDDA51F927E35008B9B12 /* Zip.framework in Frameworks */,
				E47BDDA21F927E1C008B9B12 /* AWSCore.framework in Frameworks */,
			);
			runOnlyForDeploymentPostprocessing = 0;
		};
		E453E2451F91C58500D938F6 /* Frameworks */ = {
			isa = PBXFrameworksBuildPhase;
			buildActionMask = 2147483647;
			files = (
			);
			runOnlyForDeploymentPostprocessing = 0;
		};
		E453E2501F91C58500D938F6 /* Frameworks */ = {
			isa = PBXFrameworksBuildPhase;
			buildActionMask = 2147483647;
			files = (
			);
			runOnlyForDeploymentPostprocessing = 0;
		};
/* End PBXFrameworksBuildPhase section */

/* Begin PBXGroup section */
		E453E22B1F91C58500D938F6 = {
			isa = PBXGroup;
			children = (
				E47BDDA41F927E35008B9B12 /* Zip.framework */,
				E47BDDA11F927E1C008B9B12 /* AWSCore.framework */,
				E47BDD9D1F927E08008B9B12 /* AWS.framework */,
				E453E2361F91C58500D938F6 /* TextView */,
				E453E24B1F91C58500D938F6 /* TextViewTests */,
				E453E2561F91C58500D938F6 /* TextViewUITests */,
				E453E2351F91C58500D938F6 /* Products */,
			);
			sourceTree = "<group>";
		};
		E453E2351F91C58500D938F6 /* Products */ = {
			isa = PBXGroup;
			children = (
				E453E2341F91C58500D938F6 /* TextView.app */,
				E453E2481F91C58500D938F6 /* TextViewTests.xctest */,
				E453E2531F91C58500D938F6 /* TextViewUITests.xctest */,
			);
			name = Products;
			sourceTree = "<group>";
		};
		E453E2361F91C58500D938F6 /* TextView */ = {
			isa = PBXGroup;
			children = (
				E453E2371F91C58500D938F6 /* AppDelegate.swift */,
				E453E2391F91C58500D938F6 /* ViewController.swift */,
				E453E23B1F91C58500D938F6 /* Main.storyboard */,
				E453E23E1F91C58500D938F6 /* Assets.xcassets */,
				E453E2401F91C58500D938F6 /* LaunchScreen.storyboard */,
				E453E2431F91C58500D938F6 /* Info.plist */,
			);
			path = TextView;
			sourceTree = "<group>";
		};
		E453E24B1F91C58500D938F6 /* TextViewTests */ = {
			isa = PBXGroup;
			children = (
				E453E24C1F91C58500D938F6 /* TextViewTests.swift */,
				E453E24E1F91C58500D938F6 /* Info.plist */,
			);
			path = TextViewTests;
			sourceTree = "<group>";
		};
		E453E2561F91C58500D938F6 /* TextViewUITests */ = {
			isa = PBXGroup;
			children = (
				E453E2571F91C58500D938F6 /* TextViewUITests.swift */,
				E453E2591F91C58500D938F6 /* Info.plist */,
			);
			path = TextViewUITests;
			sourceTree = "<group>";
		};
/* End PBXGroup section */

/* Begin PBXNativeTarget section */
		E453E2331F91C58500D938F6 /* TextView */ = {
			isa = PBXNativeTarget;
			buildConfigurationList = E453E25C1F91C58500D938F6 /* Build configuration list for PBXNativeTarget "TextView" */;
			buildPhases = (
				E453E2301F91C58500D938F6 /* Sources */,
				E453E2311F91C58500D938F6 /* Frameworks */,
				E453E2321F91C58500D938F6 /* Resources */,
				E47BDDA01F927E09008B9B12 /* Embed Frameworks */,
			);
			buildRules = (
			);
			dependencies = (
			);
			name = TextView;
			productName = TextView;
			productReference = E453E2341F91C58500D938F6 /* TextView.app */;
			productType = "com.apple.product-type.application";
		};
		E453E2471F91C58500D938F6 /* TextViewTests */ = {
			isa = PBXNativeTarget;
			buildConfigurationList = E453E25F1F91C58500D938F6 /* Build configuration list for PBXNativeTarget "TextViewTests" */;
			buildPhases = (
				E453E2441F91C58500D938F6 /* Sources */,
				E453E2451F91C58500D938F6 /* Frameworks */,
				E453E2461F91C58500D938F6 /* Resources */,
			);
			buildRules = (
			);
			dependencies = (
				E453E24A1F91C58500D938F6 /* PBXTargetDependency */,
			);
			name = TextViewTests;
			productName = TextViewTests;
			productReference = E453E2481F91C58500D938F6 /* TextViewTests.xctest */;
			productType = "com.apple.product-type.bundle.unit-test";
		};
		E453E2521F91C58500D938F6 /* TextViewUITests */ = {
			isa = PBXNativeTarget;
			buildConfigurationList = E453E2621F91C58500D938F6 /* Build configuration list for PBXNativeTarget "TextViewUITests" */;
			buildPhases = (
				E453E24F1F91C58500D938F6 /* Sources */,
				E453E2501F91C58500D938F6 /* Frameworks */,
				E453E2511F91C58500D938F6 /* Resources */,
			);
			buildRules = (
			);
			dependencies = (
				E453E2551F91C58500D938F6 /* PBXTargetDependency */,
			);
			name = TextViewUITests;
			productName = TextViewUITests;
			productReference = E453E2531F91C58500D938F6 /* TextViewUITests.xctest */;
			productType = "com.apple.product-type.bundle.ui-testing";
		};
/* End PBXNativeTarget section */

/* Begin PBXProject section */
		E453E22C1F91C58500D938F6 /* Project object */ = {
			isa = PBXProject;
			attributes = {
				LastSwiftUpdateCheck = 0900;
				LastUpgradeCheck = 0900;
				ORGANIZATIONNAME = ShortSands;
				TargetAttributes = {
					E453E2331F91C58500D938F6 = {
						CreatedOnToolsVersion = 9.0;
						ProvisioningStyle = Automatic;
					};
					E453E2471F91C58500D938F6 = {
						CreatedOnToolsVersion = 9.0;
						ProvisioningStyle = Automatic;
						TestTargetID = E453E2331F91C58500D938F6;
					};
					E453E2521F91C58500D938F6 = {
						CreatedOnToolsVersion = 9.0;
						ProvisioningStyle = Automatic;
						TestTargetID = E453E2331F91C58500D938F6;
					};
				};
			};
			buildConfigurationList = E453E22F1F91C58500D938F6 /* Build configuration list for PBXProject "TextView" */;
			compatibilityVersion = "Xcode 8.0";
			developmentRegion = en;
			hasScannedForEncodings = 0;
			knownRegions = (
				en,
				Base,
			);
			mainGroup = E453E22B1F91C58500D938F6;
			productRefGroup = E453E2351F91C58500D938F6 /* Products */;
			projectDirPath = "";
			projectRoot = "";
			targets = (
				E453E2331F91C58500D938F6 /* TextView */,
				E453E2471F91C58500D938F6 /* TextViewTests */,
				E453E2521F91C58500D938F6 /* TextViewUITests */,
			);
		};
/* End PBXProject section */

/* Begin PBXResourcesBuildPhase section */
		E453E2321F91C58500D938F6 /* Resources */ = {
			isa = PBXResourcesBuildPhase;
			buildActionMask = 2147483647;
			files = (
				E453E2421F91C58500D938F6 /* LaunchScreen.storyboard in Resources */,
				E453E23F1F91C58500D938F6 /* Assets.xcassets in Resources */,
				E453E23D1F91C58500D938F6 /* Main.storyboard in Resources */,
			);
			runOnlyForDeploymentPostprocessing = 0;
		};
		E453E2461F91C58500D938F6 /* Resources */ = {
			isa = PBXResourcesBuildPhase;
			buildActionMask = 2147483647;
			files = (
			);
			runOnlyForDeploymentPostprocessing = 0;
		};
		E453E2511F91C58500D938F6 /* Resources */ = {
			isa = PBXResourcesBuildPhase;
			buildActionMask = 2147483647;
			files = (
			);
			runOnlyForDeploymentPostprocessing = 0;
		};
/* End PBXResourcesBuildPhase section */

/* Begin PBXSourcesBuildPhase section */
		E453E2301F91C58500D938F6 /* Sources */ = {
			isa = PBXSourcesBuildPhase;
			buildActionMask = 2147483647;
			files = (
				E453E23A1F91C58500D938F6 /* ViewController.swift in Sources */,
				E453E2381F91C58500D938F6 /* AppDelegate.swift in Sources */,
			);
			runOnlyForDeploymentPostprocessing = 0;
		};
		E453E2441F91C58500D938F6 /* Sources */ = {
			isa = PBXSourcesBuildPhase;
			buildActionMask = 2147483647;
			files = (
				E453E24D1F91C58500D938F6 /* TextViewTests.swift in Sources */,
			);
			runOnlyForDeploymentPostprocessing = 0;
		};
		E453E24F1F91C58500D938F6 /* Sources */ = {
			isa = PBXSourcesBuildPhase;
			buildActionMask = 2147483647;
			files = (
				E453E2581F91C58500D938F6 /* TextViewUITests.swift in Sources */,
			);
			runOnlyForDeploymentPostprocessing = 0;
		};
/* End PBXSourcesBuildPhase section */

/* Begin PBXTargetDependency section */
		E453E24A1F91C58500D938F6 /* PBXTargetDependency */ = {
			isa = PBXTargetDependency;
			target = E453E2331F91C58500D938F6 /* TextView */;
			targetProxy = E453E2491F91C58500D938F6 /* PBXContainerItemProxy */;
		};
		E453E2551F91C58500D938F6 /* PBXTargetDependency */ = {
			isa = PBXTargetDependency;
			target = E453E2331F91C58500D938F6 /* TextView */;
			targetProxy = E453E2541F91C58500D938F6 /* PBXContainerItemProxy */;
		};
/* End PBXTargetDependency section */

/* Begin PBXVariantGroup section */
		E453E23B1F91C58500D938F6 /* Main.storyboard */ = {
			isa = PBXVariantGroup;
			children = (
				E453E23C1F91C58500D938F6 /* Base */,
			);
			name = Main.storyboard;
			sourceTree = "<group>";
		};
		E453E2401F91C58500D938F6 /* LaunchScreen.storyboard */ = {
			isa = PBXVariantGroup;
			children = (
				E453E2411F91C58500D938F6 /* Base */,
			);
			name = LaunchScreen.storyboard;
			sourceTree = "<group>";
		};
/* End PBXVariantGroup section */

/* Begin XCBuildConfiguration section */
		E453E25A1F91C58500D938F6 /* Debug */ = {
			isa = XCBuildConfiguration;
			buildSettings = {
				ALWAYS_SEARCH_USER_PATHS = NO;
				CLANG_ANALYZER_NONNULL = YES;
				CLANG_ANALYZER_NUMBER_OBJECT_CONVERSION = YES_AGGRESSIVE;
				CLANG_CXX_LANGUAGE_STANDARD = "gnu++14";
				CLANG_CXX_LIBRARY = "libc++";
				CLANG_ENABLE_MODULES = YES;
				CLANG_ENABLE_OBJC_ARC = YES;
				CLANG_WARN_BLOCK_CAPTURE_AUTORELEASING = YES;
				CLANG_WARN_BOOL_CONVERSION = YES;
				CLANG_WARN_COMMA = YES;
				CLANG_WARN_CONSTANT_CONVERSION = YES;
				CLANG_WARN_DIRECT_OBJC_ISA_USAGE = YES_ERROR;
				CLANG_WARN_DOCUMENTATION_COMMENTS = YES;
				CLANG_WARN_EMPTY_BODY = YES;
				CLANG_WARN_ENUM_CONVERSION = YES;
				CLANG_WARN_INFINITE_RECURSION = YES;
				CLANG_WARN_INT_CONVERSION = YES;
				CLANG_WARN_NON_LITERAL_NULL_CONVERSION = YES;
				CLANG_WARN_OBJC_LITERAL_CONVERSION = YES;
				CLANG_WARN_OBJC_ROOT_CLASS = YES_ERROR;
				CLANG_WARN_RANGE_LOOP_ANALYSIS = YES;
				CLANG_WARN_STRICT_PROTOTYPES = YES;
				CLANG_WARN_SUSPICIOUS_MOVE = YES;
				CLANG_WARN_UNGUARDED_AVAILABILITY = YES_AGGRESSIVE;
				CLANG_WARN_UNREACHABLE_CODE = YES;
				CLANG_WARN__DUPLICATE_METHOD_MATCH = YES;
				CODE_SIGN_IDENTITY = "iPhone Developer";
				COPY_PHASE_STRIP = NO;
				DEBUG_INFORMATION_FORMAT = dwarf;
				ENABLE_STRICT_OBJC_MSGSEND = YES;
				ENABLE_TESTABILITY = YES;
				GCC_C_LANGUAGE_STANDARD = gnu11;
				GCC_DYNAMIC_NO_PIC = NO;
				GCC_NO_COMMON_BLOCKS = YES;
				GCC_OPTIMIZATION_LEVEL = 0;
				GCC_PREPROCESSOR_DEFINITIONS = (
					"DEBUG=1",
					"$(inherited)",
				);
				GCC_WARN_64_TO_32_BIT_CONVERSION = YES;
				GCC_WARN_ABOUT_RETURN_TYPE = YES_ERROR;
				GCC_WARN_UNDECLARED_SELECTOR = YES;
				GCC_WARN_UNINITIALIZED_AUTOS = YES_AGGRESSIVE;
				GCC_WARN_UNUSED_FUNCTION = YES;
				GCC_WARN_UNUSED_VARIABLE = YES;
				IPHONEOS_DEPLOYMENT_TARGET = 11.0;
				MTL_ENABLE_DEBUG_INFO = YES;
				ONLY_ACTIVE_ARCH = YES;
				SDKROOT = iphoneos;
				SWIFT_ACTIVE_COMPILATION_CONDITIONS = DEBUG;
				SWIFT_OPTIMIZATION_LEVEL = "-Onone";
			};
			name = Debug;
		};
		E453E25B1F91C58500D938F6 /* Release */ = {
			isa = XCBuildConfiguration;
			buildSettings = {
				ALWAYS_SEARCH_USER_PATHS = NO;
				CLANG_ANALYZER_NONNULL = YES;
				CLANG_ANALYZER_NUMBER_OBJECT_CONVERSION = YES_AGGRESSIVE;
				CLANG_CXX_LANGUAGE_STANDARD = "gnu++14";
				CLANG_CXX_LIBRARY = "libc++";
				CLANG_ENABLE_MODULES = YES;
				CLANG_ENABLE_OBJC_ARC = YES;
				CLANG_WARN_BLOCK_CAPTURE_AUTORELEASING = YES;
				CLANG_WARN_BOOL_CONVERSION = YES;
				CLANG_WARN_COMMA = YES;
				CLANG_WARN_CONSTANT_CONVERSION = YES;
				CLANG_WARN_DIRECT_OBJC_ISA_USAGE = YES_ERROR;
				CLANG_WARN_DOCUMENTATION_COMMENTS = YES;
				CLANG_WARN_EMPTY_BODY = YES;
				CLANG_WARN_ENUM_CONVERSION = YES;
				CLANG_WARN_INFINITE_RECURSION = YES;
				CLANG_WARN_INT_CONVERSION = YES;
				CLANG_WARN_NON_LITERAL_NULL_CONVERSION = YES;
				CLANG_WARN_OBJC_LITERAL_CONVERSION = YES;
				CLANG_WARN_OBJC_ROOT_CLASS = YES_ERROR;
				CLANG_WARN_RANGE_LOOP_ANALYSIS = YES;
				CLANG_WARN_STRICT_PROTOTYPES = YES;
				CLANG_WARN_SUSPICIOUS_MOVE = YES;
				CLANG_WARN_UNGUARDED_AVAILABILITY = YES_AGGRESSIVE;
				CLANG_WARN_UNREACHABLE_CODE = YES;
				CLANG_WARN__DUPLICATE_METHOD_MATCH = YES;
				CODE_SIGN_IDENTITY = "iPhone Developer";
				COPY_PHASE_STRIP = NO;
				DEBUG_INFORMATION_FORMAT = "dwarf-with-dsym";
				ENABLE_NS_ASSERTIONS = NO;
				ENABLE_STRICT_OBJC_MSGSEND = YES;
				GCC_C_LANGUAGE_STANDARD = gnu11;
				GCC_NO_COMMON_BLOCKS = YES;
				GCC_WARN_64_TO_32_BIT_CONVERSION = YES;
				GCC_WARN_ABOUT_RETURN_TYPE = YES_ERROR;
				GCC_WARN_UNDECLARED_SELECTOR = YES;
				GCC_WARN_UNINITIALIZED_AUTOS = YES_AGGRESSIVE;
				GCC_WARN_UNUSED_FUNCTION = YES;
				GCC_WARN_UNUSED_VARIABLE = YES;
				IPHONEOS_DEPLOYMENT_TARGET = 11.0;
				MTL_ENABLE_DEBUG_INFO = NO;
				SDKROOT = iphoneos;
				SWIFT_OPTIMIZATION_LEVEL = "-Owholemodule";
				VALIDATE_PRODUCT = YES;
			};
			name = Release;
		};
		E453E25D1F91C58500D938F6 /* Debug */ = {
			isa = XCBuildConfiguration;
			buildSettings = {
				ASSETCATALOG_COMPILER_APPICON_NAME = AppIcon;
				CODE_SIGN_STYLE = Automatic;
				DEVELOPMENT_TEAM = 95C7NX5DGM;
				FRAMEWORK_SEARCH_PATHS = (
					"$(inherited)",
					"$(PROJECT_DIR)",
				);
				INFOPLIST_FILE = TextView/Info.plist;
				LD_RUNPATH_SEARCH_PATHS = "$(inherited) @executable_path/Frameworks";
				PRODUCT_BUNDLE_IDENTIFIER = com.shortsands.TextView;
				PRODUCT_NAME = "$(TARGET_NAME)";
				SWIFT_VERSION = 4.0;
				TARGETED_DEVICE_FAMILY = "1,2";
			};
			name = Debug;
		};
		E453E25E1F91C58500D938F6 /* Release */ = {
			isa = XCBuildConfiguration;
			buildSettings = {
				ASSETCATALOG_COMPILER_APPICON_NAME = AppIcon;
				CODE_SIGN_STYLE = Automatic;
				DEVELOPMENT_TEAM = 95C7NX5DGM;
				FRAMEWORK_SEARCH_PATHS = (
					"$(inherited)",
					"$(PROJECT_DIR)",
				);
				INFOPLIST_FILE = TextView/Info.plist;
				LD_RUNPATH_SEARCH_PATHS = "$(inherited) @executable_path/Frameworks";
				PRODUCT_BUNDLE_IDENTIFIER = com.shortsands.TextView;
				PRODUCT_NAME = "$(TARGET_NAME)";
				SWIFT_VERSION = 4.0;
				TARGETED_DEVICE_FAMILY = "1,2";
			};
			name = Release;
		};
		E453E2601F91C58500D938F6 /* Debug */ = {
			isa = XCBuildConfiguration;
			buildSettings = {
				ALWAYS_EMBED_SWIFT_STANDARD_LIBRARIES = YES;
				BUNDLE_LOADER = "$(TEST_HOST)";
				CODE_SIGN_STYLE = Automatic;
				DEVELOPMENT_TEAM = 95C7NX5DGM;
				INFOPLIST_FILE = TextViewTests/Info.plist;
				LD_RUNPATH_SEARCH_PATHS = "$(inherited) @executable_path/Frameworks @loader_path/Frameworks";
				PRODUCT_BUNDLE_IDENTIFIER = com.shortsands.TextViewTests;
				PRODUCT_NAME = "$(TARGET_NAME)";
				SWIFT_VERSION = 4.0;
				TARGETED_DEVICE_FAMILY = "1,2";
				TEST_HOST = "$(BUILT_PRODUCTS_DIR)/TextView.app/TextView";
			};
			name = Debug;
		};
		E453E2611F91C58500D938F6 /* Release */ = {
			isa = XCBuildConfiguration;
			buildSettings = {
				ALWAYS_EMBED_SWIFT_STANDARD_LIBRARIES = YES;
				BUNDLE_LOADER = "$(TEST_HOST)";
				CODE_SIGN_STYLE = Automatic;
				DEVELOPMENT_TEAM = 95C7NX5DGM;
				INFOPLIST_FILE = TextViewTests/Info.plist;
				LD_RUNPATH_SEARCH_PATHS = "$(inherited) @executable_path/Frameworks @loader_path/Frameworks";
				PRODUCT_BUNDLE_IDENTIFIER = com.shortsands.TextViewTests;
				PRODUCT_NAME = "$(TARGET_NAME)";
				SWIFT_VERSION = 4.0;
				TARGETED_DEVICE_FAMILY = "1,2";
				TEST_HOST = "$(BUILT_PRODUCTS_DIR)/TextView.app/TextView";
			};
			name = Release;
		};
		E453E2631F91C58500D938F6 /* Debug */ = {
			isa = XCBuildConfiguration;
			buildSettings = {
				ALWAYS_EMBED_SWIFT_STANDARD_LIBRARIES = YES;
				CODE_SIGN_STYLE = Automatic;
				DEVELOPMENT_TEAM = 95C7NX5DGM;
				INFOPLIST_FILE = TextViewUITests/Info.plist;
				LD_RUNPATH_SEARCH_PATHS = "$(inherited) @executable_path/Frameworks @loader_path/Frameworks";
				PRODUCT_BUNDLE_IDENTIFIER = com.shortsands.TextViewUITests;
				PRODUCT_NAME = "$(TARGET_NAME)";
				SWIFT_VERSION = 4.0;
				TARGETED_DEVICE_FAMILY = "1,2";
				TEST_TARGET_NAME = TextView;
			};
			name = Debug;
		};
		E453E2641F91C58500D938F6 /* Release */ = {
			isa = XCBuildConfiguration;
			buildSettings = {
				ALWAYS_EMBED_SWIFT_STANDARD_LIBRARIES = YES;
				CODE_SIGN_STYLE = Automatic;
				DEVELOPMENT_TEAM = 95C7NX5DGM;
				INFOPLIST_FILE = TextViewUITests/Info.plist;
				LD_RUNPATH_SEARCH_PATHS = "$(inherited) @executable_path/Frameworks @loader_path/Frameworks";
				PRODUCT_BUNDLE_IDENTIFIER = com.shortsands.TextViewUITests;
				PRODUCT_NAME = "$(TARGET_NAME)";
				SWIFT_VERSION = 4.0;
				TARGETED_DEVICE_FAMILY = "1,2";
				TEST_TARGET_NAME = TextView;
			};
			name = Release;
		};
/* End XCBuildConfiguration section */

/* Begin XCConfigurationList section */
		E453E22F1F91C58500D938F6 /* Build configuration list for PBXProject "TextView" */ = {
			isa = XCConfigurationList;
			buildConfigurations = (
				E453E25A1F91C58500D938F6 /* Debug */,
				E453E25B1F91C58500D938F6 /* Release */,
			);
			defaultConfigurationIsVisible = 0;
			defaultConfigurationName = Release;
		};
		E453E25C1F91C58500D938F6 /* Build configuration list for PBXNativeTarget "TextView" */ = {
			isa = XCConfigurationList;
			buildConfigurations = (
				E453E25D1F91C58500D938F6 /* Debug */,
				E453E25E1F91C58500D938F6 /* Release */,
			);
			defaultConfigurationIsVisible = 0;
			defaultConfigurationName = Release;
		};
		E453E25F1F91C58500D938F6 /* Build configuration list for PBXNativeTarget "TextViewTests" */ = {
			isa = XCConfigurationList;
			buildConfigurations = (
				E453E2601F91C58500D938F6 /* Debug */,
				E453E2611F91C58500D938F6 /* Release */,
			);
			defaultConfigurationIsVisible = 0;
			defaultConfigurationName = Release;
		};
		E453E2621F91C58500D938F6 /* Build configuration list for PBXNativeTarget "TextViewUITests" */ = {
			isa = XCConfigurationList;
			buildConfigurations = (
				E453E2631F91C58500D938F6 /* Debug */,
				E453E2641F91C58500D938F6 /* Release */,
			);
			defaultConfigurationIsVisible = 0;
			defaultConfigurationName = Release;
		};
/* End XCConfigurationList section */
	};
	rootObject = E453E22C1F91C58500D938F6 /* Project object */;
}
