// !$*UTF8*$!
{
	archiveVersion = 1;
	classes = {
	};
	objectVersion = 50;
	objects = {

/* Begin PBXBuildFile section */
		E421FDF720AB539600192E9B /* AudioPlayer.framework in Frameworks */ = {isa = PBXBuildFile; fileRef = E421FDED20AB539600192E9B /* AudioPlayer.framework */; };
		E421FDFE20AB539600192E9B /* AudioPlayer.h in Headers */ = {isa = PBXBuildFile; fileRef = E421FDF020AB539600192E9B /* AudioPlayer.h */; settings = {ATTRIBUTES = (Public, ); }; };
		E48D8FCB20AB55D300F59D5F /* AudioBibleView.swift in Sources */ = {isa = PBXBuildFile; fileRef = E48D8FB320AB55D100F59D5F /* AudioBibleView.swift */; };
		E48D8FCC20AB55D300F59D5F /* AudioBibleController.swift in Sources */ = {isa = PBXBuildFile; fileRef = E48D8FB720AB55D100F59D5F /* AudioBibleController.swift */; };
		E48D8FCD20AB55D300F59D5F /* AudioTOCChapter.swift in Sources */ = {isa = PBXBuildFile; fileRef = E48D8FB820AB55D100F59D5F /* AudioTOCChapter.swift */; };
		E48D8FCE20AB55D300F59D5F /* AudioTOCBook.swift in Sources */ = {isa = PBXBuildFile; fileRef = E48D8FB920AB55D100F59D5F /* AudioTOCBook.swift */; };
		E48D8FCF20AB55D300F59D5F /* AudioTOCBible.swift in Sources */ = {isa = PBXBuildFile; fileRef = E48D8FBA20AB55D200F59D5F /* AudioTOCBible.swift */; };
		E48D8FD120AB55D300F59D5F /* AudioControlCenter.swift in Sources */ = {isa = PBXBuildFile; fileRef = E48D8FC020AB55D200F59D5F /* AudioControlCenter.swift */; };
		E48D8FD220AB55D300F59D5F /* AudioReference.swift in Sources */ = {isa = PBXBuildFile; fileRef = E48D8FC220AB55D200F59D5F /* AudioReference.swift */; };
		E48D8FD320AB55D300F59D5F /* AudioTOCTestament.swift in Sources */ = {isa = PBXBuildFile; fileRef = E48D8FC320AB55D300F59D5F /* AudioTOCTestament.swift */; };
		E48D8FD420AB55D300F59D5F /* AudioBible.swift in Sources */ = {isa = PBXBuildFile; fileRef = E48D8FC620AB55D300F59D5F /* AudioBible.swift */; };
		E48D8FD520AB55D300F59D5F /* AudioSession.swift in Sources */ = {isa = PBXBuildFile; fileRef = E48D8FC720AB55D300F59D5F /* AudioSession.swift */; };
		E48D8FD620AB55D300F59D5F /* AudioAnalytics.swift in Sources */ = {isa = PBXBuildFile; fileRef = E48D8FC820AB55D300F59D5F /* AudioAnalytics.swift */; };
		E48D8FD720AB55D300F59D5F /* AudioAnalyticsSessionId.swift in Sources */ = {isa = PBXBuildFile; fileRef = E48D8FC920AB55D300F59D5F /* AudioAnalyticsSessionId.swift */; };
		E48D8FDA20AB56AF00F59D5F /* Utility.framework in Frameworks */ = {isa = PBXBuildFile; fileRef = E48D8FD920AB56AF00F59D5F /* Utility.framework */; };
		E48D8FEA20AB581B00F59D5F /* AWS.framework in Frameworks */ = {isa = PBXBuildFile; fileRef = E48D8FE220AB570B00F59D5F /* AWS.framework */; };
		E48D902C20AB5BF700F59D5F /* TOCAudioBibleTest.swift in Sources */ = {isa = PBXBuildFile; fileRef = E48D902920AB5BF700F59D5F /* TOCAudioBibleTest.swift */; };
		E48D904820AB61EA00F59D5F /* AWSCore.framework in Frameworks */ = {isa = PBXBuildFile; fileRef = E48D904720AB61EA00F59D5F /* AWSCore.framework */; };
/* End PBXBuildFile section */

/* Begin PBXContainerItemProxy section */
		E421FDF820AB539600192E9B /* PBXContainerItemProxy */ = {
			isa = PBXContainerItemProxy;
			containerPortal = E421FDE420AB539600192E9B /* Project object */;
			proxyType = 1;
			remoteGlobalIDString = E421FDEC20AB539600192E9B;
			remoteInfo = AudioPlayer;
		};
		E48D8FE120AB570B00F59D5F /* PBXContainerItemProxy */ = {
			isa = PBXContainerItemProxy;
			containerPortal = E48D8FDB20AB570B00F59D5F /* AWS.xcodeproj */;
			proxyType = 2;
			remoteGlobalIDString = E4C23FD3202D627F00F98324;
			remoteInfo = AWS;
		};
		E48D8FE320AB570B00F59D5F /* PBXContainerItemProxy */ = {
			isa = PBXContainerItemProxy;
			containerPortal = E48D8FDB20AB570B00F59D5F /* AWS.xcodeproj */;
			proxyType = 2;
			remoteGlobalIDString = E4C23FDC202D627F00F98324;
			remoteInfo = AWSTests;
		};
/* End PBXContainerItemProxy section */

/* Begin PBXFileReference section */
		E421FDED20AB539600192E9B /* AudioPlayer.framework */ = {isa = PBXFileReference; explicitFileType = wrapper.framework; includeInIndex = 0; path = AudioPlayer.framework; sourceTree = BUILT_PRODUCTS_DIR; };
		E421FDF020AB539600192E9B /* AudioPlayer.h */ = {isa = PBXFileReference; lastKnownFileType = sourcecode.c.h; path = AudioPlayer.h; sourceTree = "<group>"; };
		E421FDF120AB539600192E9B /* Info.plist */ = {isa = PBXFileReference; lastKnownFileType = text.plist.xml; path = Info.plist; sourceTree = "<group>"; };
		E421FDF620AB539600192E9B /* AudioPlayerTests.xctest */ = {isa = PBXFileReference; explicitFileType = wrapper.cfbundle; includeInIndex = 0; path = AudioPlayerTests.xctest; sourceTree = BUILT_PRODUCTS_DIR; };
		E421FDFD20AB539600192E9B /* Info.plist */ = {isa = PBXFileReference; lastKnownFileType = text.plist.xml; path = Info.plist; sourceTree = "<group>"; };
		E48D8FB320AB55D100F59D5F /* AudioBibleView.swift */ = {isa = PBXFileReference; lastKnownFileType = sourcecode.swift; name = AudioBibleView.swift; path = /Users/garygriswold/ShortSands/BibleApp/Plugins/AudioPlayer/src/ios/AudioPlayer/AudioBibleView.swift; sourceTree = "<absolute>"; };
		E48D8FB420AB55D100F59D5F /* UIStopDNButton.png */ = {isa = PBXFileReference; lastKnownFileType = image.png; name = UIStopDNButton.png; path = /Users/garygriswold/ShortSands/BibleApp/Plugins/AudioPlayer/src/ios/AudioPlayer/UIStopDNButton.png; sourceTree = "<absolute>"; };
		E48D8FB520AB55D100F59D5F /* UIPlayDNButton.png */ = {isa = PBXFileReference; lastKnownFileType = image.png; name = UIPlayDNButton.png; path = /Users/garygriswold/ShortSands/BibleApp/Plugins/AudioPlayer/src/ios/AudioPlayer/UIPlayDNButton.png; sourceTree = "<absolute>"; };
		E48D8FB620AB55D100F59D5F /* UIThumbDN.png */ = {isa = PBXFileReference; lastKnownFileType = image.png; name = UIThumbDN.png; path = /Users/garygriswold/ShortSands/BibleApp/Plugins/AudioPlayer/src/ios/AudioPlayer/UIThumbDN.png; sourceTree = "<absolute>"; };
		E48D8FB720AB55D100F59D5F /* AudioBibleController.swift */ = {isa = PBXFileReference; lastKnownFileType = sourcecode.swift; name = AudioBibleController.swift; path = /Users/garygriswold/ShortSands/BibleApp/Plugins/AudioPlayer/src/ios/AudioPlayer/AudioBibleController.swift; sourceTree = "<absolute>"; };
		E48D8FB820AB55D100F59D5F /* AudioTOCChapter.swift */ = {isa = PBXFileReference; lastKnownFileType = sourcecode.swift; name = AudioTOCChapter.swift; path = /Users/garygriswold/ShortSands/BibleApp/Plugins/AudioPlayer/src/ios/AudioPlayer/AudioTOCChapter.swift; sourceTree = "<absolute>"; };
		E48D8FB920AB55D100F59D5F /* AudioTOCBook.swift */ = {isa = PBXFileReference; lastKnownFileType = sourcecode.swift; name = AudioTOCBook.swift; path = /Users/garygriswold/ShortSands/BibleApp/Plugins/AudioPlayer/src/ios/AudioPlayer/AudioTOCBook.swift; sourceTree = "<absolute>"; };
		E48D8FBA20AB55D200F59D5F /* AudioTOCBible.swift */ = {isa = PBXFileReference; lastKnownFileType = sourcecode.swift; name = AudioTOCBible.swift; path = /Users/garygriswold/ShortSands/BibleApp/Plugins/AudioPlayer/src/ios/AudioPlayer/AudioTOCBible.swift; sourceTree = "<absolute>"; };
		E48D8FBB20AB55D200F59D5F /* UIPauseDNButton.png */ = {isa = PBXFileReference; lastKnownFileType = image.png; name = UIPauseDNButton.png; path = /Users/garygriswold/ShortSands/BibleApp/Plugins/AudioPlayer/src/ios/AudioPlayer/UIPauseDNButton.png; sourceTree = "<absolute>"; };
		E48D8FBC20AB55D200F59D5F /* UIPlayUPButton.png */ = {isa = PBXFileReference; lastKnownFileType = image.png; name = UIPlayUPButton.png; path = /Users/garygriswold/ShortSands/BibleApp/Plugins/AudioPlayer/src/ios/AudioPlayer/UIPlayUPButton.png; sourceTree = "<absolute>"; };
		E48D8FBD20AB55D200F59D5F /* UISliderMin.png */ = {isa = PBXFileReference; lastKnownFileType = image.png; name = UISliderMin.png; path = /Users/garygriswold/ShortSands/BibleApp/Plugins/AudioPlayer/src/ios/AudioPlayer/UISliderMin.png; sourceTree = "<absolute>"; };
		E48D8FBF20AB55D200F59D5F /* UIPauseUPButton.png */ = {isa = PBXFileReference; lastKnownFileType = image.png; name = UIPauseUPButton.png; path = /Users/garygriswold/ShortSands/BibleApp/Plugins/AudioPlayer/src/ios/AudioPlayer/UIPauseUPButton.png; sourceTree = "<absolute>"; };
		E48D8FC020AB55D200F59D5F /* AudioControlCenter.swift */ = {isa = PBXFileReference; lastKnownFileType = sourcecode.swift; name = AudioControlCenter.swift; path = /Users/garygriswold/ShortSands/BibleApp/Plugins/AudioPlayer/src/ios/AudioPlayer/AudioControlCenter.swift; sourceTree = "<absolute>"; };
		E48D8FC120AB55D200F59D5F /* AudioPlayer.h */ = {isa = PBXFileReference; lastKnownFileType = sourcecode.c.h; name = AudioPlayer.h; path = /Users/garygriswold/ShortSands/BibleApp/Plugins/AudioPlayer/src/ios/AudioPlayer/AudioPlayer.h; sourceTree = "<absolute>"; };
		E48D8FC220AB55D200F59D5F /* AudioReference.swift */ = {isa = PBXFileReference; lastKnownFileType = sourcecode.swift; name = AudioReference.swift; path = /Users/garygriswold/ShortSands/BibleApp/Plugins/AudioPlayer/src/ios/AudioPlayer/AudioReference.swift; sourceTree = "<absolute>"; };
		E48D8FC320AB55D300F59D5F /* AudioTOCTestament.swift */ = {isa = PBXFileReference; lastKnownFileType = sourcecode.swift; name = AudioTOCTestament.swift; path = /Users/garygriswold/ShortSands/BibleApp/Plugins/AudioPlayer/src/ios/AudioPlayer/AudioTOCTestament.swift; sourceTree = "<absolute>"; };
		E48D8FC420AB55D300F59D5F /* UIThumbUP.png */ = {isa = PBXFileReference; lastKnownFileType = image.png; name = UIThumbUP.png; path = /Users/garygriswold/ShortSands/BibleApp/Plugins/AudioPlayer/src/ios/AudioPlayer/UIThumbUP.png; sourceTree = "<absolute>"; };
		E48D8FC520AB55D300F59D5F /* UIStopUPButton.png */ = {isa = PBXFileReference; lastKnownFileType = image.png; name = UIStopUPButton.png; path = /Users/garygriswold/ShortSands/BibleApp/Plugins/AudioPlayer/src/ios/AudioPlayer/UIStopUPButton.png; sourceTree = "<absolute>"; };
		E48D8FC620AB55D300F59D5F /* AudioBible.swift */ = {isa = PBXFileReference; lastKnownFileType = sourcecode.swift; name = AudioBible.swift; path = /Users/garygriswold/ShortSands/BibleApp/Plugins/AudioPlayer/src/ios/AudioPlayer/AudioBible.swift; sourceTree = "<absolute>"; };
		E48D8FC720AB55D300F59D5F /* AudioSession.swift */ = {isa = PBXFileReference; lastKnownFileType = sourcecode.swift; name = AudioSession.swift; path = /Users/garygriswold/ShortSands/BibleApp/Plugins/AudioPlayer/src/ios/AudioPlayer/AudioSession.swift; sourceTree = "<absolute>"; };
		E48D8FC820AB55D300F59D5F /* AudioAnalytics.swift */ = {isa = PBXFileReference; lastKnownFileType = sourcecode.swift; name = AudioAnalytics.swift; path = /Users/garygriswold/ShortSands/BibleApp/Plugins/AudioPlayer/src/ios/AudioPlayer/AudioAnalytics.swift; sourceTree = "<absolute>"; };
		E48D8FC920AB55D300F59D5F /* AudioAnalyticsSessionId.swift */ = {isa = PBXFileReference; lastKnownFileType = sourcecode.swift; name = AudioAnalyticsSessionId.swift; path = /Users/garygriswold/ShortSands/BibleApp/Plugins/AudioPlayer/src/ios/AudioPlayer/AudioAnalyticsSessionId.swift; sourceTree = "<absolute>"; };
		E48D8FCA20AB55D300F59D5F /* UISliderMax.png */ = {isa = PBXFileReference; lastKnownFileType = image.png; name = UISliderMax.png; path = /Users/garygriswold/ShortSands/BibleApp/Plugins/AudioPlayer/src/ios/AudioPlayer/UISliderMax.png; sourceTree = "<absolute>"; };
		E48D8FD920AB56AF00F59D5F /* Utility.framework */ = {isa = PBXFileReference; explicitFileType = wrapper.framework; path = Utility.framework; sourceTree = BUILT_PRODUCTS_DIR; };
		E48D8FDB20AB570B00F59D5F /* AWS.xcodeproj */ = {isa = PBXFileReference; lastKnownFileType = "wrapper.pb-project"; name = AWS.xcodeproj; path = ../../../AWS/src/ios/AWS.xcodeproj; sourceTree = "<group>"; };
		E48D902920AB5BF700F59D5F /* TOCAudioBibleTest.swift */ = {isa = PBXFileReference; fileEncoding = 4; lastKnownFileType = sourcecode.swift; path = TOCAudioBibleTest.swift; sourceTree = "<group>"; };
		E48D904320AB615800F59D5F /* AWSCore.framework */ = {isa = PBXFileReference; lastKnownFileType = wrapper.framework; name = AWSCore.framework; path = AudioPlayer_TestHarness/AudioPlayer_TestHarness/AWSCore.framework; sourceTree = "<group>"; };
		E48D904720AB61EA00F59D5F /* AWSCore.framework */ = {isa = PBXFileReference; lastKnownFileType = wrapper.framework; name = AWSCore.framework; path = AudioPlayer/AWSCore.framework; sourceTree = "<group>"; };
/* End PBXFileReference section */

/* Begin PBXFrameworksBuildPhase section */
		E421FDE920AB539600192E9B /* Frameworks */ = {
			isa = PBXFrameworksBuildPhase;
			buildActionMask = 2147483647;
			files = (
				E48D904820AB61EA00F59D5F /* AWSCore.framework in Frameworks */,
				E48D8FEA20AB581B00F59D5F /* AWS.framework in Frameworks */,
				E48D8FDA20AB56AF00F59D5F /* Utility.framework in Frameworks */,
			);
			runOnlyForDeploymentPostprocessing = 0;
		};
		E421FDF320AB539600192E9B /* Frameworks */ = {
			isa = PBXFrameworksBuildPhase;
			buildActionMask = 2147483647;
			files = (
				E421FDF720AB539600192E9B /* AudioPlayer.framework in Frameworks */,
			);
			runOnlyForDeploymentPostprocessing = 0;
		};
/* End PBXFrameworksBuildPhase section */

/* Begin PBXGroup section */
		E421FDE320AB539600192E9B = {
			isa = PBXGroup;
			children = (
				E48D8FDB20AB570B00F59D5F /* AWS.xcodeproj */,
				E421FDEF20AB539600192E9B /* AudioPlayer */,
				E421FDFA20AB539600192E9B /* AudioPlayerTests */,
				E421FDEE20AB539600192E9B /* Products */,
				E48D8FD820AB56AF00F59D5F /* Frameworks */,
			);
			sourceTree = "<group>";
		};
		E421FDEE20AB539600192E9B /* Products */ = {
			isa = PBXGroup;
			children = (
				E421FDED20AB539600192E9B /* AudioPlayer.framework */,
				E421FDF620AB539600192E9B /* AudioPlayerTests.xctest */,
			);
			name = Products;
			sourceTree = "<group>";
		};
		E421FDEF20AB539600192E9B /* AudioPlayer */ = {
			isa = PBXGroup;
			children = (
				E421FDF020AB539600192E9B /* AudioPlayer.h */,
				E48D8FC920AB55D300F59D5F /* AudioAnalyticsSessionId.swift */,
				E48D8FC620AB55D300F59D5F /* AudioBible.swift */,
				E48D8FB720AB55D100F59D5F /* AudioBibleController.swift */,
				E48D8FB320AB55D100F59D5F /* AudioBibleView.swift */,
				E48D8FC020AB55D200F59D5F /* AudioControlCenter.swift */,
				E48D8FC120AB55D200F59D5F /* AudioPlayer.h */,
				E48D8FC220AB55D200F59D5F /* AudioReference.swift */,
				E48D8FC720AB55D300F59D5F /* AudioSession.swift */,
				E48D8FBA20AB55D200F59D5F /* AudioTOCBible.swift */,
				E48D8FB920AB55D100F59D5F /* AudioTOCBook.swift */,
				E48D8FB820AB55D100F59D5F /* AudioTOCChapter.swift */,
				E48D8FC320AB55D300F59D5F /* AudioTOCTestament.swift */,
				E48D8FC820AB55D300F59D5F /* AudioAnalytics.swift */,
				E48D8FBB20AB55D200F59D5F /* UIPauseDNButton.png */,
				E48D8FBF20AB55D200F59D5F /* UIPauseUPButton.png */,
				E48D8FB520AB55D100F59D5F /* UIPlayDNButton.png */,
				E48D8FBC20AB55D200F59D5F /* UIPlayUPButton.png */,
				E48D8FCA20AB55D300F59D5F /* UISliderMax.png */,
				E48D8FBD20AB55D200F59D5F /* UISliderMin.png */,
				E48D8FB420AB55D100F59D5F /* UIStopDNButton.png */,
				E48D8FC520AB55D300F59D5F /* UIStopUPButton.png */,
				E48D8FB620AB55D100F59D5F /* UIThumbDN.png */,
				E48D8FC420AB55D300F59D5F /* UIThumbUP.png */,
				E421FDF120AB539600192E9B /* Info.plist */,
			);
			path = AudioPlayer;
			sourceTree = "<group>";
		};
		E421FDFA20AB539600192E9B /* AudioPlayerTests */ = {
			isa = PBXGroup;
			children = (
				E48D902920AB5BF700F59D5F /* TOCAudioBibleTest.swift */,
				E421FDFD20AB539600192E9B /* Info.plist */,
			);
			path = AudioPlayerTests;
			sourceTree = "<group>";
		};
		E48D8FD820AB56AF00F59D5F /* Frameworks */ = {
			isa = PBXGroup;
			children = (
				E48D904320AB615800F59D5F /* AWSCore.framework */,
				E48D904720AB61EA00F59D5F /* AWSCore.framework */,
				E48D8FD920AB56AF00F59D5F /* Utility.framework */,
			);
			name = Frameworks;
			sourceTree = "<group>";
		};
		E48D8FDC20AB570B00F59D5F /* Products */ = {
			isa = PBXGroup;
			children = (
				E48D8FE220AB570B00F59D5F /* AWS.framework */,
				E48D8FE420AB570B00F59D5F /* AWSTests.xctest */,
			);
			name = Products;
			sourceTree = "<group>";
		};
/* End PBXGroup section */

/* Begin PBXHeadersBuildPhase section */
		E421FDEA20AB539600192E9B /* Headers */ = {
			isa = PBXHeadersBuildPhase;
			buildActionMask = 2147483647;
			files = (
				E421FDFE20AB539600192E9B /* AudioPlayer.h in Headers */,
			);
			runOnlyForDeploymentPostprocessing = 0;
		};
/* End PBXHeadersBuildPhase section */

/* Begin PBXNativeTarget section */
		E421FDEC20AB539600192E9B /* AudioPlayer */ = {
			isa = PBXNativeTarget;
			buildConfigurationList = E421FE0120AB539600192E9B /* Build configuration list for PBXNativeTarget "AudioPlayer" */;
			buildPhases = (
				E421FDE820AB539600192E9B /* Sources */,
				E421FDE920AB539600192E9B /* Frameworks */,
				E421FDEA20AB539600192E9B /* Headers */,
				E421FDEB20AB539600192E9B /* Resources */,
			);
			buildRules = (
			);
			dependencies = (
			);
			name = AudioPlayer;
			productName = AudioPlayer;
			productReference = E421FDED20AB539600192E9B /* AudioPlayer.framework */;
			productType = "com.apple.product-type.framework";
		};
		E421FDF520AB539600192E9B /* AudioPlayerTests */ = {
			isa = PBXNativeTarget;
			buildConfigurationList = E421FE0420AB539600192E9B /* Build configuration list for PBXNativeTarget "AudioPlayerTests" */;
			buildPhases = (
				E421FDF220AB539600192E9B /* Sources */,
				E421FDF320AB539600192E9B /* Frameworks */,
				E421FDF420AB539600192E9B /* Resources */,
			);
			buildRules = (
			);
			dependencies = (
				E421FDF920AB539600192E9B /* PBXTargetDependency */,
			);
			name = AudioPlayerTests;
			productName = AudioPlayerTests;
			productReference = E421FDF620AB539600192E9B /* AudioPlayerTests.xctest */;
			productType = "com.apple.product-type.bundle.unit-test";
		};
/* End PBXNativeTarget section */

/* Begin PBXProject section */
		E421FDE420AB539600192E9B /* Project object */ = {
			isa = PBXProject;
			attributes = {
				LastSwiftUpdateCheck = 0930;
				LastUpgradeCheck = 0930;
				ORGANIZATIONNAME = ShortSands;
				TargetAttributes = {
					E421FDEC20AB539600192E9B = {
						CreatedOnToolsVersion = 9.3.1;
						LastSwiftMigration = 0930;
					};
					E421FDF520AB539600192E9B = {
						CreatedOnToolsVersion = 9.3.1;
					};
				};
			};
			buildConfigurationList = E421FDE720AB539600192E9B /* Build configuration list for PBXProject "AudioPlayer" */;
			compatibilityVersion = "Xcode 9.3";
			developmentRegion = en;
			hasScannedForEncodings = 0;
			knownRegions = (
				en,
			);
			mainGroup = E421FDE320AB539600192E9B;
			productRefGroup = E421FDEE20AB539600192E9B /* Products */;
			projectDirPath = "";
			projectReferences = (
				{
					ProductGroup = E48D8FDC20AB570B00F59D5F /* Products */;
					ProjectRef = E48D8FDB20AB570B00F59D5F /* AWS.xcodeproj */;
				},
			);
			projectRoot = "";
			targets = (
				E421FDEC20AB539600192E9B /* AudioPlayer */,
				E421FDF520AB539600192E9B /* AudioPlayerTests */,
			);
		};
/* End PBXProject section */

/* Begin PBXReferenceProxy section */
		E48D8FE220AB570B00F59D5F /* AWS.framework */ = {
			isa = PBXReferenceProxy;
			fileType = wrapper.framework;
			path = AWS.framework;
			remoteRef = E48D8FE120AB570B00F59D5F /* PBXContainerItemProxy */;
			sourceTree = BUILT_PRODUCTS_DIR;
		};
		E48D8FE420AB570B00F59D5F /* AWSTests.xctest */ = {
			isa = PBXReferenceProxy;
			fileType = wrapper.cfbundle;
			path = AWSTests.xctest;
			remoteRef = E48D8FE320AB570B00F59D5F /* PBXContainerItemProxy */;
			sourceTree = BUILT_PRODUCTS_DIR;
		};
/* End PBXReferenceProxy section */

/* Begin PBXResourcesBuildPhase section */
		E421FDEB20AB539600192E9B /* Resources */ = {
			isa = PBXResourcesBuildPhase;
			buildActionMask = 2147483647;
			files = (
			);
			runOnlyForDeploymentPostprocessing = 0;
		};
		E421FDF420AB539600192E9B /* Resources */ = {
			isa = PBXResourcesBuildPhase;
			buildActionMask = 2147483647;
			files = (
			);
			runOnlyForDeploymentPostprocessing = 0;
		};
/* End PBXResourcesBuildPhase section */

/* Begin PBXSourcesBuildPhase section */
		E421FDE820AB539600192E9B /* Sources */ = {
			isa = PBXSourcesBuildPhase;
			buildActionMask = 2147483647;
			files = (
				E48D8FD520AB55D300F59D5F /* AudioSession.swift in Sources */,
				E48D8FD620AB55D300F59D5F /* AudioAnalytics.swift in Sources */,
				E48D8FD720AB55D300F59D5F /* AudioAnalyticsSessionId.swift in Sources */,
				E48D8FD220AB55D300F59D5F /* AudioReference.swift in Sources */,
				E48D8FD420AB55D300F59D5F /* AudioBible.swift in Sources */,
				E48D8FD320AB55D300F59D5F /* AudioTOCTestament.swift in Sources */,
				E48D8FCE20AB55D300F59D5F /* AudioTOCBook.swift in Sources */,
				E48D8FCF20AB55D300F59D5F /* AudioTOCBible.swift in Sources */,
				E48D8FCD20AB55D300F59D5F /* AudioTOCChapter.swift in Sources */,
				E48D8FCB20AB55D300F59D5F /* AudioBibleView.swift in Sources */,
				E48D8FCC20AB55D300F59D5F /* AudioBibleController.swift in Sources */,
				E48D8FD120AB55D300F59D5F /* AudioControlCenter.swift in Sources */,
			);
			runOnlyForDeploymentPostprocessing = 0;
		};
		E421FDF220AB539600192E9B /* Sources */ = {
			isa = PBXSourcesBuildPhase;
			buildActionMask = 2147483647;
			files = (
				E48D902C20AB5BF700F59D5F /* TOCAudioBibleTest.swift in Sources */,
			);
			runOnlyForDeploymentPostprocessing = 0;
		};
/* End PBXSourcesBuildPhase section */

/* Begin PBXTargetDependency section */
		E421FDF920AB539600192E9B /* PBXTargetDependency */ = {
			isa = PBXTargetDependency;
			target = E421FDEC20AB539600192E9B /* AudioPlayer */;
			targetProxy = E421FDF820AB539600192E9B /* PBXContainerItemProxy */;
		};
/* End PBXTargetDependency section */

/* Begin XCBuildConfiguration section */
		E421FDFF20AB539600192E9B /* Debug */ = {
			isa = XCBuildConfiguration;
			buildSettings = {
				ALWAYS_SEARCH_USER_PATHS = NO;
				CLANG_ANALYZER_NONNULL = YES;
				CLANG_ANALYZER_NUMBER_OBJECT_CONVERSION = YES_AGGRESSIVE;
				CLANG_CXX_LANGUAGE_STANDARD = "gnu++14";
				CLANG_CXX_LIBRARY = "libc++";
				CLANG_ENABLE_MODULES = YES;
				CLANG_ENABLE_OBJC_ARC = YES;
				CLANG_ENABLE_OBJC_WEAK = YES;
				CLANG_WARN_BLOCK_CAPTURE_AUTORELEASING = YES;
				CLANG_WARN_BOOL_CONVERSION = YES;
				CLANG_WARN_COMMA = YES;
				CLANG_WARN_CONSTANT_CONVERSION = YES;
				CLANG_WARN_DEPRECATED_OBJC_IMPLEMENTATIONS = YES;
				CLANG_WARN_DIRECT_OBJC_ISA_USAGE = YES_ERROR;
				CLANG_WARN_DOCUMENTATION_COMMENTS = YES;
				CLANG_WARN_EMPTY_BODY = YES;
				CLANG_WARN_ENUM_CONVERSION = YES;
				CLANG_WARN_INFINITE_RECURSION = YES;
				CLANG_WARN_INT_CONVERSION = YES;
				CLANG_WARN_NON_LITERAL_NULL_CONVERSION = YES;
				CLANG_WARN_OBJC_IMPLICIT_RETAIN_SELF = YES;
				CLANG_WARN_OBJC_LITERAL_CONVERSION = YES;
				CLANG_WARN_OBJC_ROOT_CLASS = YES_ERROR;
				CLANG_WARN_RANGE_LOOP_ANALYSIS = YES;
				CLANG_WARN_STRICT_PROTOTYPES = YES;
				CLANG_WARN_SUSPICIOUS_MOVE = YES;
				CLANG_WARN_UNGUARDED_AVAILABILITY = YES_AGGRESSIVE;
				CLANG_WARN_UNREACHABLE_CODE = YES;
				CLANG_WARN__DUPLICATE_METHOD_MATCH = YES;
				CODE_SIGN_IDENTITY = "iPhone Developer";
				COPY_PHASE_STRIP = NO;
				CURRENT_PROJECT_VERSION = 1;
				DEBUG_INFORMATION_FORMAT = dwarf;
				ENABLE_STRICT_OBJC_MSGSEND = YES;
				ENABLE_TESTABILITY = YES;
				GCC_C_LANGUAGE_STANDARD = gnu11;
				GCC_DYNAMIC_NO_PIC = NO;
				GCC_NO_COMMON_BLOCKS = YES;
				GCC_OPTIMIZATION_LEVEL = 0;
				GCC_PREPROCESSOR_DEFINITIONS = (
					"DEBUG=1",
					"$(inherited)",
				);
				GCC_WARN_64_TO_32_BIT_CONVERSION = YES;
				GCC_WARN_ABOUT_RETURN_TYPE = YES_ERROR;
				GCC_WARN_UNDECLARED_SELECTOR = YES;
				GCC_WARN_UNINITIALIZED_AUTOS = YES_AGGRESSIVE;
				GCC_WARN_UNUSED_FUNCTION = YES;
				GCC_WARN_UNUSED_VARIABLE = YES;
				IPHONEOS_DEPLOYMENT_TARGET = 10.0;
				MTL_ENABLE_DEBUG_INFO = YES;
				ONLY_ACTIVE_ARCH = YES;
				SDKROOT = iphoneos;
				SWIFT_ACTIVE_COMPILATION_CONDITIONS = DEBUG;
				SWIFT_OPTIMIZATION_LEVEL = "-Onone";
				SWIFT_VERSION = 4.0;
				VERSIONING_SYSTEM = "apple-generic";
				VERSION_INFO_PREFIX = "";
			};
			name = Debug;
		};
		E421FE0020AB539600192E9B /* Release */ = {
			isa = XCBuildConfiguration;
			buildSettings = {
				ALWAYS_SEARCH_USER_PATHS = NO;
				CLANG_ANALYZER_NONNULL = YES;
				CLANG_ANALYZER_NUMBER_OBJECT_CONVERSION = YES_AGGRESSIVE;
				CLANG_CXX_LANGUAGE_STANDARD = "gnu++14";
				CLANG_CXX_LIBRARY = "libc++";
				CLANG_ENABLE_MODULES = YES;
				CLANG_ENABLE_OBJC_ARC = YES;
				CLANG_ENABLE_OBJC_WEAK = YES;
				CLANG_WARN_BLOCK_CAPTURE_AUTORELEASING = YES;
				CLANG_WARN_BOOL_CONVERSION = YES;
				CLANG_WARN_COMMA = YES;
				CLANG_WARN_CONSTANT_CONVERSION = YES;
				CLANG_WARN_DEPRECATED_OBJC_IMPLEMENTATIONS = YES;
				CLANG_WARN_DIRECT_OBJC_ISA_USAGE = YES_ERROR;
				CLANG_WARN_DOCUMENTATION_COMMENTS = YES;
				CLANG_WARN_EMPTY_BODY = YES;
				CLANG_WARN_ENUM_CONVERSION = YES;
				CLANG_WARN_INFINITE_RECURSION = YES;
				CLANG_WARN_INT_CONVERSION = YES;
				CLANG_WARN_NON_LITERAL_NULL_CONVERSION = YES;
				CLANG_WARN_OBJC_IMPLICIT_RETAIN_SELF = YES;
				CLANG_WARN_OBJC_LITERAL_CONVERSION = YES;
				CLANG_WARN_OBJC_ROOT_CLASS = YES_ERROR;
				CLANG_WARN_RANGE_LOOP_ANALYSIS = YES;
				CLANG_WARN_STRICT_PROTOTYPES = YES;
				CLANG_WARN_SUSPICIOUS_MOVE = YES;
				CLANG_WARN_UNGUARDED_AVAILABILITY = YES_AGGRESSIVE;
				CLANG_WARN_UNREACHABLE_CODE = YES;
				CLANG_WARN__DUPLICATE_METHOD_MATCH = YES;
				CODE_SIGN_IDENTITY = "iPhone Developer";
				COPY_PHASE_STRIP = NO;
				CURRENT_PROJECT_VERSION = 1;
				DEBUG_INFORMATION_FORMAT = "dwarf-with-dsym";
				ENABLE_NS_ASSERTIONS = NO;
				ENABLE_STRICT_OBJC_MSGSEND = YES;
				GCC_C_LANGUAGE_STANDARD = gnu11;
				GCC_NO_COMMON_BLOCKS = YES;
				GCC_WARN_64_TO_32_BIT_CONVERSION = YES;
				GCC_WARN_ABOUT_RETURN_TYPE = YES_ERROR;
				GCC_WARN_UNDECLARED_SELECTOR = YES;
				GCC_WARN_UNINITIALIZED_AUTOS = YES_AGGRESSIVE;
				GCC_WARN_UNUSED_FUNCTION = YES;
				GCC_WARN_UNUSED_VARIABLE = YES;
				IPHONEOS_DEPLOYMENT_TARGET = 10.0;
				MTL_ENABLE_DEBUG_INFO = NO;
				SDKROOT = iphoneos;
				SWIFT_COMPILATION_MODE = wholemodule;
				SWIFT_OPTIMIZATION_LEVEL = "-O";
				SWIFT_VERSION = 4.0;
				VALIDATE_PRODUCT = YES;
				VERSIONING_SYSTEM = "apple-generic";
				VERSION_INFO_PREFIX = "";
			};
			name = Release;
		};
		E421FE0220AB539600192E9B /* Debug */ = {
			isa = XCBuildConfiguration;
			buildSettings = {
				CLANG_ENABLE_MODULES = YES;
				CODE_SIGN_IDENTITY = "";
				CODE_SIGN_STYLE = Automatic;
				DEFINES_MODULE = YES;
				DEVELOPMENT_TEAM = 95C7NX5DGM;
				DYLIB_COMPATIBILITY_VERSION = 1;
				DYLIB_CURRENT_VERSION = 1;
				DYLIB_INSTALL_NAME_BASE = "@rpath";
				FRAMEWORK_SEARCH_PATHS = (
					"$(inherited)",
					"$(PROJECT_DIR)/AudioPlayer_TestHarness/AudioPlayer_TestHarness",
					"$(PROJECT_DIR)/AudioPlayer",
				);
				INFOPLIST_FILE = AudioPlayer/Info.plist;
				INSTALL_PATH = "$(LOCAL_LIBRARY_DIR)/Frameworks";
				IPHONEOS_DEPLOYMENT_TARGET = 10.3;
				LD_RUNPATH_SEARCH_PATHS = (
					"$(inherited)",
					"@executable_path/Frameworks",
					"@loader_path/Frameworks",
				);
				PRODUCT_BUNDLE_IDENTIFIER = com.shortsands.AudioPlayer;
				PRODUCT_NAME = "$(TARGET_NAME:c99extidentifier)";
				SKIP_INSTALL = YES;
				SWIFT_OPTIMIZATION_LEVEL = "-Onone";
				SWIFT_VERSION = 4.0;
				TARGETED_DEVICE_FAMILY = "1,2";
			};
			name = Debug;
		};
		E421FE0320AB539600192E9B /* Release */ = {
			isa = XCBuildConfiguration;
			buildSettings = {
				CLANG_ENABLE_MODULES = YES;
				CODE_SIGN_IDENTITY = "";
				CODE_SIGN_STYLE = Automatic;
				DEFINES_MODULE = YES;
				DEVELOPMENT_TEAM = 95C7NX5DGM;
				DYLIB_COMPATIBILITY_VERSION = 1;
				DYLIB_CURRENT_VERSION = 1;
				DYLIB_INSTALL_NAME_BASE = "@rpath";
				FRAMEWORK_SEARCH_PATHS = (
					"$(inherited)",
					"$(PROJECT_DIR)/AudioPlayer_TestHarness/AudioPlayer_TestHarness",
					"$(PROJECT_DIR)/AudioPlayer",
				);
				INFOPLIST_FILE = AudioPlayer/Info.plist;
				INSTALL_PATH = "$(LOCAL_LIBRARY_DIR)/Frameworks";
				IPHONEOS_DEPLOYMENT_TARGET = 10.3;
				LD_RUNPATH_SEARCH_PATHS = (
					"$(inherited)",
					"@executable_path/Frameworks",
					"@loader_path/Frameworks",
				);
				PRODUCT_BUNDLE_IDENTIFIER = com.shortsands.AudioPlayer;
				PRODUCT_NAME = "$(TARGET_NAME:c99extidentifier)";
				SKIP_INSTALL = YES;
				SWIFT_VERSION = 4.0;
				TARGETED_DEVICE_FAMILY = "1,2";
			};
			name = Release;
		};
		E421FE0520AB539600192E9B /* Debug */ = {
			isa = XCBuildConfiguration;
			buildSettings = {
				ALWAYS_EMBED_SWIFT_STANDARD_LIBRARIES = YES;
				CODE_SIGN_STYLE = Automatic;
				DEVELOPMENT_TEAM = 95C7NX5DGM;
				INFOPLIST_FILE = AudioPlayerTests/Info.plist;
				LD_RUNPATH_SEARCH_PATHS = (
					"$(inherited)",
					"@executable_path/Frameworks",
					"@loader_path/Frameworks",
				);
				PRODUCT_BUNDLE_IDENTIFIER = com.shortsands.AudioPlayerTests;
				PRODUCT_NAME = "$(TARGET_NAME)";
				SWIFT_VERSION = 4.0;
				TARGETED_DEVICE_FAMILY = "1,2";
			};
			name = Debug;
		};
		E421FE0620AB539600192E9B /* Release */ = {
			isa = XCBuildConfiguration;
			buildSettings = {
				ALWAYS_EMBED_SWIFT_STANDARD_LIBRARIES = YES;
				CODE_SIGN_STYLE = Automatic;
				DEVELOPMENT_TEAM = 95C7NX5DGM;
				INFOPLIST_FILE = AudioPlayerTests/Info.plist;
				LD_RUNPATH_SEARCH_PATHS = (
					"$(inherited)",
					"@executable_path/Frameworks",
					"@loader_path/Frameworks",
				);
				PRODUCT_BUNDLE_IDENTIFIER = com.shortsands.AudioPlayerTests;
				PRODUCT_NAME = "$(TARGET_NAME)";
				SWIFT_VERSION = 4.0;
				TARGETED_DEVICE_FAMILY = "1,2";
			};
			name = Release;
		};
/* End XCBuildConfiguration section */

/* Begin XCConfigurationList section */
		E421FDE720AB539600192E9B /* Build configuration list for PBXProject "AudioPlayer" */ = {
			isa = XCConfigurationList;
			buildConfigurations = (
				E421FDFF20AB539600192E9B /* Debug */,
				E421FE0020AB539600192E9B /* Release */,
			);
			defaultConfigurationIsVisible = 0;
			defaultConfigurationName = Release;
		};
		E421FE0120AB539600192E9B /* Build configuration list for PBXNativeTarget "AudioPlayer" */ = {
			isa = XCConfigurationList;
			buildConfigurations = (
				E421FE0220AB539600192E9B /* Debug */,
				E421FE0320AB539600192E9B /* Release */,
			);
			defaultConfigurationIsVisible = 0;
			defaultConfigurationName = Release;
		};
		E421FE0420AB539600192E9B /* Build configuration list for PBXNativeTarget "AudioPlayerTests" */ = {
			isa = XCConfigurationList;
			buildConfigurations = (
				E421FE0520AB539600192E9B /* Debug */,
				E421FE0620AB539600192E9B /* Release */,
			);
			defaultConfigurationIsVisible = 0;
			defaultConfigurationName = Release;
		};
/* End XCConfigurationList section */
	};
	rootObject = E421FDE420AB539600192E9B /* Project object */;
}
